// !$*UTF8*$!
{
	archiveVersion = 1;
	classes = {
	};
	objectVersion = 56;
	objects = {

/* Begin PBXBuildFile section */
		410C86532A5C4EE2000F0A78 /* FeedLoaderWithFallbackCompositeTests.swift in Sources */ = {isa = PBXBuildFile; fileRef = 410C86522A5C4EE2000F0A78 /* FeedLoaderWithFallbackCompositeTests.swift */; };
		410C86552A5D9111000F0A78 /* FeedLoaderWithFallbackComposite.swift in Sources */ = {isa = PBXBuildFile; fileRef = 410C86542A5D9111000F0A78 /* FeedLoaderWithFallbackComposite.swift */; };
		41676BE42A55AF8400641FF8 /* AppDelegate.swift in Sources */ = {isa = PBXBuildFile; fileRef = 41676BE32A55AF8400641FF8 /* AppDelegate.swift */; };
		41676BE62A55AF8400641FF8 /* SceneDelegate.swift in Sources */ = {isa = PBXBuildFile; fileRef = 41676BE52A55AF8400641FF8 /* SceneDelegate.swift */; };
		41676BE82A55AF8400641FF8 /* ViewController.swift in Sources */ = {isa = PBXBuildFile; fileRef = 41676BE72A55AF8400641FF8 /* ViewController.swift */; };
		41676BEB2A55AF8400641FF8 /* Main.storyboard in Resources */ = {isa = PBXBuildFile; fileRef = 41676BE92A55AF8400641FF8 /* Main.storyboard */; };
		41676BED2A55AF8500641FF8 /* Assets.xcassets in Resources */ = {isa = PBXBuildFile; fileRef = 41676BEC2A55AF8500641FF8 /* Assets.xcassets */; };
		41676BF02A55AF8500641FF8 /* LaunchScreen.storyboard in Resources */ = {isa = PBXBuildFile; fileRef = 41676BEE2A55AF8500641FF8 /* LaunchScreen.storyboard */; };
		41676BFB2A55AF8500641FF8 /* EssentialAppTests.swift in Sources */ = {isa = PBXBuildFile; fileRef = 41676BFA2A55AF8500641FF8 /* EssentialAppTests.swift */; };
		41676C162A55B25B00641FF8 /* EssentialFeed.framework in Frameworks */ = {isa = PBXBuildFile; fileRef = 41676C142A55B25B00641FF8 /* EssentialFeed.framework */; };
		41676C172A55B25B00641FF8 /* EssentialFeed.framework in Embed Frameworks */ = {isa = PBXBuildFile; fileRef = 41676C142A55B25B00641FF8 /* EssentialFeed.framework */; settings = {ATTRIBUTES = (CodeSignOnCopy, RemoveHeadersOnCopy, ); }; };
		41676C182A55B25B00641FF8 /* EssentialFeediOS.framework in Frameworks */ = {isa = PBXBuildFile; fileRef = 41676C152A55B25B00641FF8 /* EssentialFeediOS.framework */; };
		41676C192A55B25B00641FF8 /* EssentialFeediOS.framework in Embed Frameworks */ = {isa = PBXBuildFile; fileRef = 41676C152A55B25B00641FF8 /* EssentialFeediOS.framework */; settings = {ATTRIBUTES = (CodeSignOnCopy, RemoveHeadersOnCopy, ); }; };
		41F700572A784730002EF7BC /* FeedImageDataLoaderWithFallbackCompositeTests.swift in Sources */ = {isa = PBXBuildFile; fileRef = 41F700562A784730002EF7BC /* FeedImageDataLoaderWithFallbackCompositeTests.swift */; };
		41F700592A78639E002EF7BC /* FeedImageDataLoaderWithFallbackComposite.swift in Sources */ = {isa = PBXBuildFile; fileRef = 41F700582A78639D002EF7BC /* FeedImageDataLoaderWithFallbackComposite.swift */; };
		41F7005C2A786421002EF7BC /* XCTestCase+MemoryLeakTracking.swift in Sources */ = {isa = PBXBuildFile; fileRef = 41F7005B2A786421002EF7BC /* XCTestCase+MemoryLeakTracking.swift */; };
		41F7005E2A786470002EF7BC /* SharedTestHelpers.swift in Sources */ = {isa = PBXBuildFile; fileRef = 41F7005D2A786470002EF7BC /* SharedTestHelpers.swift */; };
		41F700602A7999F8002EF7BC /* FeedLoaderCacheDecoratorTests.swift in Sources */ = {isa = PBXBuildFile; fileRef = 41F7005F2A7999F8002EF7BC /* FeedLoaderCacheDecoratorTests.swift */; };
		41F700622A799DC1002EF7BC /* FeedLoaderStub.swift in Sources */ = {isa = PBXBuildFile; fileRef = 41F700612A799DC1002EF7BC /* FeedLoaderStub.swift */; };
		41F700642A79A029002EF7BC /* XCTestCase+FeedLoader.swift in Sources */ = {isa = PBXBuildFile; fileRef = 41F700632A79A029002EF7BC /* XCTestCase+FeedLoader.swift */; };
		41F700682A79B1EA002EF7BC /* FeedLoaderCacheDecorator.swift in Sources */ = {isa = PBXBuildFile; fileRef = 41F700672A79B1EA002EF7BC /* FeedLoaderCacheDecorator.swift */; };
		41F7006A2A79B3FE002EF7BC /* FeedImageDataLoaderCacheDecoratorTests.swift in Sources */ = {isa = PBXBuildFile; fileRef = 41F700692A79B3FE002EF7BC /* FeedImageDataLoaderCacheDecoratorTests.swift */; };
		41F7006C2A79B553002EF7BC /* FeedImageDataLoaderSpy.swift in Sources */ = {isa = PBXBuildFile; fileRef = 41F7006B2A79B553002EF7BC /* FeedImageDataLoaderSpy.swift */; };
		41F7006E2A79B657002EF7BC /* XCTestCase+FeedImageDataLoader.swift in Sources */ = {isa = PBXBuildFile; fileRef = 41F7006D2A79B657002EF7BC /* XCTestCase+FeedImageDataLoader.swift */; };
		41F700722A79B99D002EF7BC /* FeedImageDataLoaderCacheDecorator.swift in Sources */ = {isa = PBXBuildFile; fileRef = 41F700712A79B99D002EF7BC /* FeedImageDataLoaderCacheDecorator.swift */; };
		41F7007A2A7A90A1002EF7BC /* EssentialAppUIAcceptanceTests.swift in Sources */ = {isa = PBXBuildFile; fileRef = 41F700792A7A90A1002EF7BC /* EssentialAppUIAcceptanceTests.swift */; };
/* End PBXBuildFile section */

/* Begin PBXContainerItemProxy section */
		41676BF72A55AF8500641FF8 /* PBXContainerItemProxy */ = {
			isa = PBXContainerItemProxy;
			containerPortal = 41676BD82A55AF8400641FF8 /* Project object */;
			proxyType = 1;
			remoteGlobalIDString = 41676BDF2A55AF8400641FF8;
			remoteInfo = EssentialApp;
		};
		41F7007D2A7A90A1002EF7BC /* PBXContainerItemProxy */ = {
			isa = PBXContainerItemProxy;
			containerPortal = 41676BD82A55AF8400641FF8 /* Project object */;
			proxyType = 1;
			remoteGlobalIDString = 41676BDF2A55AF8400641FF8;
			remoteInfo = EssentialApp;
		};
/* End PBXContainerItemProxy section */

/* Begin PBXCopyFilesBuildPhase section */
		41676C1A2A55B25B00641FF8 /* Embed Frameworks */ = {
			isa = PBXCopyFilesBuildPhase;
			buildActionMask = 2147483647;
			dstPath = "";
			dstSubfolderSpec = 10;
			files = (
				41676C172A55B25B00641FF8 /* EssentialFeed.framework in Embed Frameworks */,
				41676C192A55B25B00641FF8 /* EssentialFeediOS.framework in Embed Frameworks */,
			);
			name = "Embed Frameworks";
			runOnlyForDeploymentPostprocessing = 0;
		};
/* End PBXCopyFilesBuildPhase section */

/* Begin PBXFileReference section */
		410C86522A5C4EE2000F0A78 /* FeedLoaderWithFallbackCompositeTests.swift */ = {isa = PBXFileReference; lastKnownFileType = sourcecode.swift; path = FeedLoaderWithFallbackCompositeTests.swift; sourceTree = "<group>"; };
		410C86542A5D9111000F0A78 /* FeedLoaderWithFallbackComposite.swift */ = {isa = PBXFileReference; lastKnownFileType = sourcecode.swift; path = FeedLoaderWithFallbackComposite.swift; sourceTree = "<group>"; };
		41676BE02A55AF8400641FF8 /* EssentialApp.app */ = {isa = PBXFileReference; explicitFileType = wrapper.application; includeInIndex = 0; path = EssentialApp.app; sourceTree = BUILT_PRODUCTS_DIR; };
		41676BE32A55AF8400641FF8 /* AppDelegate.swift */ = {isa = PBXFileReference; lastKnownFileType = sourcecode.swift; path = AppDelegate.swift; sourceTree = "<group>"; };
		41676BE52A55AF8400641FF8 /* SceneDelegate.swift */ = {isa = PBXFileReference; lastKnownFileType = sourcecode.swift; path = SceneDelegate.swift; sourceTree = "<group>"; };
		41676BE72A55AF8400641FF8 /* ViewController.swift */ = {isa = PBXFileReference; lastKnownFileType = sourcecode.swift; path = ViewController.swift; sourceTree = "<group>"; };
		41676BEA2A55AF8400641FF8 /* Base */ = {isa = PBXFileReference; lastKnownFileType = file.storyboard; name = Base; path = Base.lproj/Main.storyboard; sourceTree = "<group>"; };
		41676BEC2A55AF8500641FF8 /* Assets.xcassets */ = {isa = PBXFileReference; lastKnownFileType = folder.assetcatalog; path = Assets.xcassets; sourceTree = "<group>"; };
		41676BEF2A55AF8500641FF8 /* Base */ = {isa = PBXFileReference; lastKnownFileType = file.storyboard; name = Base; path = Base.lproj/LaunchScreen.storyboard; sourceTree = "<group>"; };
		41676BF12A55AF8500641FF8 /* Info.plist */ = {isa = PBXFileReference; lastKnownFileType = text.plist.xml; path = Info.plist; sourceTree = "<group>"; };
		41676BF62A55AF8500641FF8 /* EssentialAppTests.xctest */ = {isa = PBXFileReference; explicitFileType = wrapper.cfbundle; includeInIndex = 0; path = EssentialAppTests.xctest; sourceTree = BUILT_PRODUCTS_DIR; };
		41676BFA2A55AF8500641FF8 /* EssentialAppTests.swift */ = {isa = PBXFileReference; lastKnownFileType = sourcecode.swift; path = EssentialAppTests.swift; sourceTree = "<group>"; };
		41676C142A55B25B00641FF8 /* EssentialFeed.framework */ = {isa = PBXFileReference; explicitFileType = wrapper.framework; path = EssentialFeed.framework; sourceTree = BUILT_PRODUCTS_DIR; };
		41676C152A55B25B00641FF8 /* EssentialFeediOS.framework */ = {isa = PBXFileReference; explicitFileType = wrapper.framework; path = EssentialFeediOS.framework; sourceTree = BUILT_PRODUCTS_DIR; };
		41F700562A784730002EF7BC /* FeedImageDataLoaderWithFallbackCompositeTests.swift */ = {isa = PBXFileReference; lastKnownFileType = sourcecode.swift; path = FeedImageDataLoaderWithFallbackCompositeTests.swift; sourceTree = "<group>"; };
		41F700582A78639D002EF7BC /* FeedImageDataLoaderWithFallbackComposite.swift */ = {isa = PBXFileReference; lastKnownFileType = sourcecode.swift; path = FeedImageDataLoaderWithFallbackComposite.swift; sourceTree = "<group>"; };
		41F7005B2A786421002EF7BC /* XCTestCase+MemoryLeakTracking.swift */ = {isa = PBXFileReference; lastKnownFileType = sourcecode.swift; path = "XCTestCase+MemoryLeakTracking.swift"; sourceTree = "<group>"; };
		41F7005D2A786470002EF7BC /* SharedTestHelpers.swift */ = {isa = PBXFileReference; lastKnownFileType = sourcecode.swift; path = SharedTestHelpers.swift; sourceTree = "<group>"; };
		41F7005F2A7999F8002EF7BC /* FeedLoaderCacheDecoratorTests.swift */ = {isa = PBXFileReference; lastKnownFileType = sourcecode.swift; path = FeedLoaderCacheDecoratorTests.swift; sourceTree = "<group>"; };
		41F700612A799DC1002EF7BC /* FeedLoaderStub.swift */ = {isa = PBXFileReference; lastKnownFileType = sourcecode.swift; path = FeedLoaderStub.swift; sourceTree = "<group>"; };
		41F700632A79A029002EF7BC /* XCTestCase+FeedLoader.swift */ = {isa = PBXFileReference; lastKnownFileType = sourcecode.swift; path = "XCTestCase+FeedLoader.swift"; sourceTree = "<group>"; };
		41F700672A79B1EA002EF7BC /* FeedLoaderCacheDecorator.swift */ = {isa = PBXFileReference; lastKnownFileType = sourcecode.swift; path = FeedLoaderCacheDecorator.swift; sourceTree = "<group>"; };
		41F700692A79B3FE002EF7BC /* FeedImageDataLoaderCacheDecoratorTests.swift */ = {isa = PBXFileReference; lastKnownFileType = sourcecode.swift; path = FeedImageDataLoaderCacheDecoratorTests.swift; sourceTree = "<group>"; };
		41F7006B2A79B553002EF7BC /* FeedImageDataLoaderSpy.swift */ = {isa = PBXFileReference; lastKnownFileType = sourcecode.swift; path = FeedImageDataLoaderSpy.swift; sourceTree = "<group>"; };
		41F7006D2A79B657002EF7BC /* XCTestCase+FeedImageDataLoader.swift */ = {isa = PBXFileReference; lastKnownFileType = sourcecode.swift; path = "XCTestCase+FeedImageDataLoader.swift"; sourceTree = "<group>"; };
		41F700712A79B99D002EF7BC /* FeedImageDataLoaderCacheDecorator.swift */ = {isa = PBXFileReference; lastKnownFileType = sourcecode.swift; path = FeedImageDataLoaderCacheDecorator.swift; sourceTree = "<group>"; };
		41F700772A7A90A1002EF7BC /* EssentialAppUIAcceptanceTests.xctest */ = {isa = PBXFileReference; explicitFileType = wrapper.cfbundle; includeInIndex = 0; path = EssentialAppUIAcceptanceTests.xctest; sourceTree = BUILT_PRODUCTS_DIR; };
		41F700792A7A90A1002EF7BC /* EssentialAppUIAcceptanceTests.swift */ = {isa = PBXFileReference; lastKnownFileType = sourcecode.swift; path = EssentialAppUIAcceptanceTests.swift; sourceTree = "<group>"; };
/* End PBXFileReference section */

/* Begin PBXFrameworksBuildPhase section */
		41676BDD2A55AF8400641FF8 /* Frameworks */ = {
			isa = PBXFrameworksBuildPhase;
			buildActionMask = 2147483647;
			files = (
				41676C162A55B25B00641FF8 /* EssentialFeed.framework in Frameworks */,
				41676C182A55B25B00641FF8 /* EssentialFeediOS.framework in Frameworks */,
			);
			runOnlyForDeploymentPostprocessing = 0;
		};
		41676BF32A55AF8500641FF8 /* Frameworks */ = {
			isa = PBXFrameworksBuildPhase;
			buildActionMask = 2147483647;
			files = (
			);
			runOnlyForDeploymentPostprocessing = 0;
		};
		41F700742A7A90A1002EF7BC /* Frameworks */ = {
			isa = PBXFrameworksBuildPhase;
			buildActionMask = 2147483647;
			files = (
			);
			runOnlyForDeploymentPostprocessing = 0;
		};
/* End PBXFrameworksBuildPhase section */

/* Begin PBXGroup section */
		41676BD72A55AF8400641FF8 = {
			isa = PBXGroup;
			children = (
				41676BE22A55AF8400641FF8 /* EssentialApp */,
				41676BF92A55AF8500641FF8 /* EssentialAppTests */,
				41F700782A7A90A1002EF7BC /* EssentialAppUIAcceptanceTests */,
				41676BE12A55AF8400641FF8 /* Products */,
				41676C132A55B25B00641FF8 /* Frameworks */,
			);
			sourceTree = "<group>";
		};
		41676BE12A55AF8400641FF8 /* Products */ = {
			isa = PBXGroup;
			children = (
				41676BE02A55AF8400641FF8 /* EssentialApp.app */,
				41676BF62A55AF8500641FF8 /* EssentialAppTests.xctest */,
				41F700772A7A90A1002EF7BC /* EssentialAppUIAcceptanceTests.xctest */,
			);
			name = Products;
			sourceTree = "<group>";
		};
		41676BE22A55AF8400641FF8 /* EssentialApp */ = {
			isa = PBXGroup;
			children = (
				41676BE32A55AF8400641FF8 /* AppDelegate.swift */,
				41676BE52A55AF8400641FF8 /* SceneDelegate.swift */,
				41676BE72A55AF8400641FF8 /* ViewController.swift */,
				41676BE92A55AF8400641FF8 /* Main.storyboard */,
				41676BEC2A55AF8500641FF8 /* Assets.xcassets */,
				41676BEE2A55AF8500641FF8 /* LaunchScreen.storyboard */,
				41676BF12A55AF8500641FF8 /* Info.plist */,
				410C86542A5D9111000F0A78 /* FeedLoaderWithFallbackComposite.swift */,
				41F700582A78639D002EF7BC /* FeedImageDataLoaderWithFallbackComposite.swift */,
				41F700672A79B1EA002EF7BC /* FeedLoaderCacheDecorator.swift */,
				41F700712A79B99D002EF7BC /* FeedImageDataLoaderCacheDecorator.swift */,
			);
			path = EssentialApp;
			sourceTree = "<group>";
		};
		41676BF92A55AF8500641FF8 /* EssentialAppTests */ = {
			isa = PBXGroup;
			children = (
				41F7005A2A786411002EF7BC /* Helpers */,
				41676BFA2A55AF8500641FF8 /* EssentialAppTests.swift */,
				410C86522A5C4EE2000F0A78 /* FeedLoaderWithFallbackCompositeTests.swift */,
				41F700562A784730002EF7BC /* FeedImageDataLoaderWithFallbackCompositeTests.swift */,
				41F7005F2A7999F8002EF7BC /* FeedLoaderCacheDecoratorTests.swift */,
				41F700692A79B3FE002EF7BC /* FeedImageDataLoaderCacheDecoratorTests.swift */,
			);
			path = EssentialAppTests;
			sourceTree = "<group>";
		};
		41676C132A55B25B00641FF8 /* Frameworks */ = {
			isa = PBXGroup;
			children = (
				41676C142A55B25B00641FF8 /* EssentialFeed.framework */,
				41676C152A55B25B00641FF8 /* EssentialFeediOS.framework */,
			);
			name = Frameworks;
			sourceTree = "<group>";
		};
		41F7005A2A786411002EF7BC /* Helpers */ = {
			isa = PBXGroup;
			children = (
				41F7005B2A786421002EF7BC /* XCTestCase+MemoryLeakTracking.swift */,
				41F7005D2A786470002EF7BC /* SharedTestHelpers.swift */,
				41F700612A799DC1002EF7BC /* FeedLoaderStub.swift */,
				41F700632A79A029002EF7BC /* XCTestCase+FeedLoader.swift */,
				41F7006B2A79B553002EF7BC /* FeedImageDataLoaderSpy.swift */,
				41F7006D2A79B657002EF7BC /* XCTestCase+FeedImageDataLoader.swift */,
			);
			path = Helpers;
			sourceTree = "<group>";
		};
		41F700782A7A90A1002EF7BC /* EssentialAppUIAcceptanceTests */ = {
			isa = PBXGroup;
			children = (
				41F700792A7A90A1002EF7BC /* EssentialAppUIAcceptanceTests.swift */,
			);
			path = EssentialAppUIAcceptanceTests;
			sourceTree = "<group>";
		};
/* End PBXGroup section */

/* Begin PBXNativeTarget section */
		41676BDF2A55AF8400641FF8 /* EssentialApp */ = {
			isa = PBXNativeTarget;
			buildConfigurationList = 41676C0A2A55AF8500641FF8 /* Build configuration list for PBXNativeTarget "EssentialApp" */;
			buildPhases = (
				41676BDC2A55AF8400641FF8 /* Sources */,
				41676BDD2A55AF8400641FF8 /* Frameworks */,
				41676BDE2A55AF8400641FF8 /* Resources */,
				41676C1A2A55B25B00641FF8 /* Embed Frameworks */,
			);
			buildRules = (
			);
			dependencies = (
			);
			name = EssentialApp;
			productName = EssentialApp;
			productReference = 41676BE02A55AF8400641FF8 /* EssentialApp.app */;
			productType = "com.apple.product-type.application";
		};
		41676BF52A55AF8500641FF8 /* EssentialAppTests */ = {
			isa = PBXNativeTarget;
			buildConfigurationList = 41676C0D2A55AF8500641FF8 /* Build configuration list for PBXNativeTarget "EssentialAppTests" */;
			buildPhases = (
				41676BF22A55AF8500641FF8 /* Sources */,
				41676BF32A55AF8500641FF8 /* Frameworks */,
				41676BF42A55AF8500641FF8 /* Resources */,
			);
			buildRules = (
			);
			dependencies = (
				41676BF82A55AF8500641FF8 /* PBXTargetDependency */,
			);
			name = EssentialAppTests;
			productName = EssentialAppTests;
			productReference = 41676BF62A55AF8500641FF8 /* EssentialAppTests.xctest */;
			productType = "com.apple.product-type.bundle.unit-test";
		};
		41F700762A7A90A1002EF7BC /* EssentialAppUIAcceptanceTests */ = {
			isa = PBXNativeTarget;
			buildConfigurationList = 41F7007F2A7A90A1002EF7BC /* Build configuration list for PBXNativeTarget "EssentialAppUIAcceptanceTests" */;
			buildPhases = (
				41F700732A7A90A1002EF7BC /* Sources */,
				41F700742A7A90A1002EF7BC /* Frameworks */,
				41F700752A7A90A1002EF7BC /* Resources */,
			);
			buildRules = (
			);
			dependencies = (
				41F7007E2A7A90A1002EF7BC /* PBXTargetDependency */,
			);
			name = EssentialAppUIAcceptanceTests;
			productName = EssentialAppUIAcceptanceTests;
			productReference = 41F700772A7A90A1002EF7BC /* EssentialAppUIAcceptanceTests.xctest */;
			productType = "com.apple.product-type.bundle.ui-testing";
		};
/* End PBXNativeTarget section */

/* Begin PBXProject section */
		41676BD82A55AF8400641FF8 /* Project object */ = {
			isa = PBXProject;
			attributes = {
				BuildIndependentTargetsInParallel = 1;
				LastSwiftUpdateCheck = 1430;
				LastUpgradeCheck = 1430;
				TargetAttributes = {
					41676BDF2A55AF8400641FF8 = {
						CreatedOnToolsVersion = 14.3.1;
					};
					41676BF52A55AF8500641FF8 = {
						CreatedOnToolsVersion = 14.3.1;
						TestTargetID = 41676BDF2A55AF8400641FF8;
					};
					41F700762A7A90A1002EF7BC = {
						CreatedOnToolsVersion = 14.3.1;
						TestTargetID = 41676BDF2A55AF8400641FF8;
					};
				};
			};
			buildConfigurationList = 41676BDB2A55AF8400641FF8 /* Build configuration list for PBXProject "EssentialApp" */;
			compatibilityVersion = "Xcode 14.0";
			developmentRegion = en;
			hasScannedForEncodings = 0;
			knownRegions = (
				en,
				Base,
			);
			mainGroup = 41676BD72A55AF8400641FF8;
			productRefGroup = 41676BE12A55AF8400641FF8 /* Products */;
			projectDirPath = "";
			projectRoot = "";
			targets = (
				41676BDF2A55AF8400641FF8 /* EssentialApp */,
				41676BF52A55AF8500641FF8 /* EssentialAppTests */,
				41F700762A7A90A1002EF7BC /* EssentialAppUIAcceptanceTests */,
			);
		};
/* End PBXProject section */

/* Begin PBXResourcesBuildPhase section */
		41676BDE2A55AF8400641FF8 /* Resources */ = {
			isa = PBXResourcesBuildPhase;
			buildActionMask = 2147483647;
			files = (
				41676BF02A55AF8500641FF8 /* LaunchScreen.storyboard in Resources */,
				41676BED2A55AF8500641FF8 /* Assets.xcassets in Resources */,
				41676BEB2A55AF8400641FF8 /* Main.storyboard in Resources */,
			);
			runOnlyForDeploymentPostprocessing = 0;
		};
		41676BF42A55AF8500641FF8 /* Resources */ = {
			isa = PBXResourcesBuildPhase;
			buildActionMask = 2147483647;
			files = (
			);
			runOnlyForDeploymentPostprocessing = 0;
		};
		41F700752A7A90A1002EF7BC /* Resources */ = {
			isa = PBXResourcesBuildPhase;
			buildActionMask = 2147483647;
			files = (
			);
			runOnlyForDeploymentPostprocessing = 0;
		};
/* End PBXResourcesBuildPhase section */

/* Begin PBXSourcesBuildPhase section */
		41676BDC2A55AF8400641FF8 /* Sources */ = {
			isa = PBXSourcesBuildPhase;
			buildActionMask = 2147483647;
			files = (
				41676BE82A55AF8400641FF8 /* ViewController.swift in Sources */,
				41676BE42A55AF8400641FF8 /* AppDelegate.swift in Sources */,
				410C86552A5D9111000F0A78 /* FeedLoaderWithFallbackComposite.swift in Sources */,
				41F700682A79B1EA002EF7BC /* FeedLoaderCacheDecorator.swift in Sources */,
				41676BE62A55AF8400641FF8 /* SceneDelegate.swift in Sources */,
				41F700592A78639E002EF7BC /* FeedImageDataLoaderWithFallbackComposite.swift in Sources */,
				41F700722A79B99D002EF7BC /* FeedImageDataLoaderCacheDecorator.swift in Sources */,
			);
			runOnlyForDeploymentPostprocessing = 0;
		};
		41676BF22A55AF8500641FF8 /* Sources */ = {
			isa = PBXSourcesBuildPhase;
			buildActionMask = 2147483647;
			files = (
				410C86532A5C4EE2000F0A78 /* FeedLoaderWithFallbackCompositeTests.swift in Sources */,
				41F700622A799DC1002EF7BC /* FeedLoaderStub.swift in Sources */,
				41F7005C2A786421002EF7BC /* XCTestCase+MemoryLeakTracking.swift in Sources */,
				41F700642A79A029002EF7BC /* XCTestCase+FeedLoader.swift in Sources */,
				41F7006A2A79B3FE002EF7BC /* FeedImageDataLoaderCacheDecoratorTests.swift in Sources */,
				41F7005E2A786470002EF7BC /* SharedTestHelpers.swift in Sources */,
				41676BFB2A55AF8500641FF8 /* EssentialAppTests.swift in Sources */,
				41F7006C2A79B553002EF7BC /* FeedImageDataLoaderSpy.swift in Sources */,
				41F700572A784730002EF7BC /* FeedImageDataLoaderWithFallbackCompositeTests.swift in Sources */,
				41F700602A7999F8002EF7BC /* FeedLoaderCacheDecoratorTests.swift in Sources */,
				41F7006E2A79B657002EF7BC /* XCTestCase+FeedImageDataLoader.swift in Sources */,
			);
			runOnlyForDeploymentPostprocessing = 0;
		};
		41F700732A7A90A1002EF7BC /* Sources */ = {
			isa = PBXSourcesBuildPhase;
			buildActionMask = 2147483647;
			files = (
				41F7007A2A7A90A1002EF7BC /* EssentialAppUIAcceptanceTests.swift in Sources */,
			);
			runOnlyForDeploymentPostprocessing = 0;
		};
/* End PBXSourcesBuildPhase section */

/* Begin PBXTargetDependency section */
		41676BF82A55AF8500641FF8 /* PBXTargetDependency */ = {
			isa = PBXTargetDependency;
			target = 41676BDF2A55AF8400641FF8 /* EssentialApp */;
			targetProxy = 41676BF72A55AF8500641FF8 /* PBXContainerItemProxy */;
		};
		41F7007E2A7A90A1002EF7BC /* PBXTargetDependency */ = {
			isa = PBXTargetDependency;
			target = 41676BDF2A55AF8400641FF8 /* EssentialApp */;
			targetProxy = 41F7007D2A7A90A1002EF7BC /* PBXContainerItemProxy */;
		};
/* End PBXTargetDependency section */

/* Begin PBXVariantGroup section */
		41676BE92A55AF8400641FF8 /* Main.storyboard */ = {
			isa = PBXVariantGroup;
			children = (
				41676BEA2A55AF8400641FF8 /* Base */,
			);
			name = Main.storyboard;
			sourceTree = "<group>";
		};
		41676BEE2A55AF8500641FF8 /* LaunchScreen.storyboard */ = {
			isa = PBXVariantGroup;
			children = (
				41676BEF2A55AF8500641FF8 /* Base */,
			);
			name = LaunchScreen.storyboard;
			sourceTree = "<group>";
		};
/* End PBXVariantGroup section */

/* Begin XCBuildConfiguration section */
		41676C082A55AF8500641FF8 /* Debug */ = {
			isa = XCBuildConfiguration;
			buildSettings = {
				ALWAYS_SEARCH_USER_PATHS = NO;
				CLANG_ANALYZER_NONNULL = YES;
				CLANG_ANALYZER_NUMBER_OBJECT_CONVERSION = YES_AGGRESSIVE;
				CLANG_CXX_LANGUAGE_STANDARD = "gnu++20";
				CLANG_ENABLE_MODULES = YES;
				CLANG_ENABLE_OBJC_ARC = YES;
				CLANG_ENABLE_OBJC_WEAK = YES;
				CLANG_WARN_BLOCK_CAPTURE_AUTORELEASING = YES;
				CLANG_WARN_BOOL_CONVERSION = YES;
				CLANG_WARN_COMMA = YES;
				CLANG_WARN_CONSTANT_CONVERSION = YES;
				CLANG_WARN_DEPRECATED_OBJC_IMPLEMENTATIONS = YES;
				CLANG_WARN_DIRECT_OBJC_ISA_USAGE = YES_ERROR;
				CLANG_WARN_DOCUMENTATION_COMMENTS = YES;
				CLANG_WARN_EMPTY_BODY = YES;
				CLANG_WARN_ENUM_CONVERSION = YES;
				CLANG_WARN_INFINITE_RECURSION = YES;
				CLANG_WARN_INT_CONVERSION = YES;
				CLANG_WARN_NON_LITERAL_NULL_CONVERSION = YES;
				CLANG_WARN_OBJC_IMPLICIT_RETAIN_SELF = YES;
				CLANG_WARN_OBJC_LITERAL_CONVERSION = YES;
				CLANG_WARN_OBJC_ROOT_CLASS = YES_ERROR;
				CLANG_WARN_QUOTED_INCLUDE_IN_FRAMEWORK_HEADER = YES;
				CLANG_WARN_RANGE_LOOP_ANALYSIS = YES;
				CLANG_WARN_STRICT_PROTOTYPES = YES;
				CLANG_WARN_SUSPICIOUS_MOVE = YES;
				CLANG_WARN_UNGUARDED_AVAILABILITY = YES_AGGRESSIVE;
				CLANG_WARN_UNREACHABLE_CODE = YES;
				CLANG_WARN__DUPLICATE_METHOD_MATCH = YES;
				COPY_PHASE_STRIP = NO;
				DEBUG_INFORMATION_FORMAT = dwarf;
				ENABLE_STRICT_OBJC_MSGSEND = YES;
				ENABLE_TESTABILITY = YES;
				GCC_C_LANGUAGE_STANDARD = gnu11;
				GCC_DYNAMIC_NO_PIC = NO;
				GCC_NO_COMMON_BLOCKS = YES;
				GCC_OPTIMIZATION_LEVEL = 0;
				GCC_PREPROCESSOR_DEFINITIONS = (
					"DEBUG=1",
					"$(inherited)",
				);
				GCC_WARN_64_TO_32_BIT_CONVERSION = YES;
				GCC_WARN_ABOUT_RETURN_TYPE = YES_ERROR;
				GCC_WARN_UNDECLARED_SELECTOR = YES;
				GCC_WARN_UNINITIALIZED_AUTOS = YES_AGGRESSIVE;
				GCC_WARN_UNUSED_FUNCTION = YES;
				GCC_WARN_UNUSED_VARIABLE = YES;
				IPHONEOS_DEPLOYMENT_TARGET = 16.4;
				MTL_ENABLE_DEBUG_INFO = INCLUDE_SOURCE;
				MTL_FAST_MATH = YES;
				ONLY_ACTIVE_ARCH = YES;
				SDKROOT = iphoneos;
				SWIFT_ACTIVE_COMPILATION_CONDITIONS = DEBUG;
				SWIFT_OPTIMIZATION_LEVEL = "-Onone";
			};
			name = Debug;
		};
		41676C092A55AF8500641FF8 /* Release */ = {
			isa = XCBuildConfiguration;
			buildSettings = {
				ALWAYS_SEARCH_USER_PATHS = NO;
				CLANG_ANALYZER_NONNULL = YES;
				CLANG_ANALYZER_NUMBER_OBJECT_CONVERSION = YES_AGGRESSIVE;
				CLANG_CXX_LANGUAGE_STANDARD = "gnu++20";
				CLANG_ENABLE_MODULES = YES;
				CLANG_ENABLE_OBJC_ARC = YES;
				CLANG_ENABLE_OBJC_WEAK = YES;
				CLANG_WARN_BLOCK_CAPTURE_AUTORELEASING = YES;
				CLANG_WARN_BOOL_CONVERSION = YES;
				CLANG_WARN_COMMA = YES;
				CLANG_WARN_CONSTANT_CONVERSION = YES;
				CLANG_WARN_DEPRECATED_OBJC_IMPLEMENTATIONS = YES;
				CLANG_WARN_DIRECT_OBJC_ISA_USAGE = YES_ERROR;
				CLANG_WARN_DOCUMENTATION_COMMENTS = YES;
				CLANG_WARN_EMPTY_BODY = YES;
				CLANG_WARN_ENUM_CONVERSION = YES;
				CLANG_WARN_INFINITE_RECURSION = YES;
				CLANG_WARN_INT_CONVERSION = YES;
				CLANG_WARN_NON_LITERAL_NULL_CONVERSION = YES;
				CLANG_WARN_OBJC_IMPLICIT_RETAIN_SELF = YES;
				CLANG_WARN_OBJC_LITERAL_CONVERSION = YES;
				CLANG_WARN_OBJC_ROOT_CLASS = YES_ERROR;
				CLANG_WARN_QUOTED_INCLUDE_IN_FRAMEWORK_HEADER = YES;
				CLANG_WARN_RANGE_LOOP_ANALYSIS = YES;
				CLANG_WARN_STRICT_PROTOTYPES = YES;
				CLANG_WARN_SUSPICIOUS_MOVE = YES;
				CLANG_WARN_UNGUARDED_AVAILABILITY = YES_AGGRESSIVE;
				CLANG_WARN_UNREACHABLE_CODE = YES;
				CLANG_WARN__DUPLICATE_METHOD_MATCH = YES;
				COPY_PHASE_STRIP = NO;
				DEBUG_INFORMATION_FORMAT = "dwarf-with-dsym";
				ENABLE_NS_ASSERTIONS = NO;
				ENABLE_STRICT_OBJC_MSGSEND = YES;
				GCC_C_LANGUAGE_STANDARD = gnu11;
				GCC_NO_COMMON_BLOCKS = YES;
				GCC_WARN_64_TO_32_BIT_CONVERSION = YES;
				GCC_WARN_ABOUT_RETURN_TYPE = YES_ERROR;
				GCC_WARN_UNDECLARED_SELECTOR = YES;
				GCC_WARN_UNINITIALIZED_AUTOS = YES_AGGRESSIVE;
				GCC_WARN_UNUSED_FUNCTION = YES;
				GCC_WARN_UNUSED_VARIABLE = YES;
				IPHONEOS_DEPLOYMENT_TARGET = 16.4;
				MTL_ENABLE_DEBUG_INFO = NO;
				MTL_FAST_MATH = YES;
				SDKROOT = iphoneos;
				SWIFT_COMPILATION_MODE = wholemodule;
				SWIFT_OPTIMIZATION_LEVEL = "-O";
				VALIDATE_PRODUCT = YES;
			};
			name = Release;
		};
		41676C0B2A55AF8500641FF8 /* Debug */ = {
			isa = XCBuildConfiguration;
			buildSettings = {
				ASSETCATALOG_COMPILER_APPICON_NAME = AppIcon;
				ASSETCATALOG_COMPILER_GLOBAL_ACCENT_COLOR_NAME = AccentColor;
				CODE_SIGN_STYLE = Automatic;
				CURRENT_PROJECT_VERSION = 1;
				GENERATE_INFOPLIST_FILE = YES;
				INFOPLIST_FILE = EssentialApp/Info.plist;
				INFOPLIST_KEY_UIApplicationSupportsIndirectInputEvents = YES;
				INFOPLIST_KEY_UILaunchStoryboardName = LaunchScreen;
				INFOPLIST_KEY_UIMainStoryboardFile = Main;
				INFOPLIST_KEY_UISupportedInterfaceOrientations = UIInterfaceOrientationPortrait;
				LD_RUNPATH_SEARCH_PATHS = (
					"$(inherited)",
					"@executable_path/Frameworks",
				);
				MARKETING_VERSION = 1.0;
				PRODUCT_BUNDLE_IDENTIFIER = com.mag.EssentialApp;
				PRODUCT_NAME = "$(TARGET_NAME)";
				SWIFT_EMIT_LOC_STRINGS = YES;
				SWIFT_VERSION = 5.0;
				TARGETED_DEVICE_FAMILY = "1,2";
			};
			name = Debug;
		};
		41676C0C2A55AF8500641FF8 /* Release */ = {
			isa = XCBuildConfiguration;
			buildSettings = {
				ASSETCATALOG_COMPILER_APPICON_NAME = AppIcon;
				ASSETCATALOG_COMPILER_GLOBAL_ACCENT_COLOR_NAME = AccentColor;
				CODE_SIGN_STYLE = Automatic;
				CURRENT_PROJECT_VERSION = 1;
				GENERATE_INFOPLIST_FILE = YES;
				INFOPLIST_FILE = EssentialApp/Info.plist;
				INFOPLIST_KEY_UIApplicationSupportsIndirectInputEvents = YES;
				INFOPLIST_KEY_UILaunchStoryboardName = LaunchScreen;
				INFOPLIST_KEY_UIMainStoryboardFile = Main;
				INFOPLIST_KEY_UISupportedInterfaceOrientations = UIInterfaceOrientationPortrait;
				LD_RUNPATH_SEARCH_PATHS = (
					"$(inherited)",
					"@executable_path/Frameworks",
				);
				MARKETING_VERSION = 1.0;
				PRODUCT_BUNDLE_IDENTIFIER = com.mag.EssentialApp;
				PRODUCT_NAME = "$(TARGET_NAME)";
				SWIFT_EMIT_LOC_STRINGS = YES;
				SWIFT_VERSION = 5.0;
				TARGETED_DEVICE_FAMILY = "1,2";
			};
			name = Release;
		};
		41676C0E2A55AF8500641FF8 /* Debug */ = {
			isa = XCBuildConfiguration;
			buildSettings = {
				ALWAYS_EMBED_SWIFT_STANDARD_LIBRARIES = YES;
				BUNDLE_LOADER = "$(TEST_HOST)";
				CODE_SIGN_STYLE = Automatic;
				CURRENT_PROJECT_VERSION = 1;
				GENERATE_INFOPLIST_FILE = YES;
				IPHONEOS_DEPLOYMENT_TARGET = 16.4;
				MARKETING_VERSION = 1.0;
				PRODUCT_BUNDLE_IDENTIFIER = com.mag.EssentialAppTests;
				PRODUCT_NAME = "$(TARGET_NAME)";
				SWIFT_EMIT_LOC_STRINGS = NO;
				SWIFT_VERSION = 5.0;
				TARGETED_DEVICE_FAMILY = "1,2";
				TEST_HOST = "$(BUILT_PRODUCTS_DIR)/EssentialApp.app/$(BUNDLE_EXECUTABLE_FOLDER_PATH)/EssentialApp";
			};
			name = Debug;
		};
		41676C0F2A55AF8500641FF8 /* Release */ = {
			isa = XCBuildConfiguration;
			buildSettings = {
				ALWAYS_EMBED_SWIFT_STANDARD_LIBRARIES = YES;
				BUNDLE_LOADER = "$(TEST_HOST)";
				CODE_SIGN_STYLE = Automatic;
				CURRENT_PROJECT_VERSION = 1;
				GENERATE_INFOPLIST_FILE = YES;
				IPHONEOS_DEPLOYMENT_TARGET = 16.4;
				MARKETING_VERSION = 1.0;
				PRODUCT_BUNDLE_IDENTIFIER = com.mag.EssentialAppTests;
				PRODUCT_NAME = "$(TARGET_NAME)";
				SWIFT_EMIT_LOC_STRINGS = NO;
				SWIFT_VERSION = 5.0;
				TARGETED_DEVICE_FAMILY = "1,2";
				TEST_HOST = "$(BUILT_PRODUCTS_DIR)/EssentialApp.app/$(BUNDLE_EXECUTABLE_FOLDER_PATH)/EssentialApp";
			};
			name = Release;
		};
		41F700802A7A90A1002EF7BC /* Debug */ = {
			isa = XCBuildConfiguration;
			buildSettings = {
				CODE_SIGN_STYLE = Automatic;
				CURRENT_PROJECT_VERSION = 1;
				GENERATE_INFOPLIST_FILE = YES;
				MARKETING_VERSION = 1.0;
				PRODUCT_BUNDLE_IDENTIFIER = com.mag.EssentialAppUIAcceptanceTests;
				PRODUCT_NAME = "$(TARGET_NAME)";
				SWIFT_EMIT_LOC_STRINGS = NO;
				SWIFT_VERSION = 5.0;
				TARGETED_DEVICE_FAMILY = "1,2";
				TEST_TARGET_NAME = EssentialApp;
			};
			name = Debug;
		};
		41F700812A7A90A1002EF7BC /* Release */ = {
			isa = XCBuildConfiguration;
			buildSettings = {
				CODE_SIGN_STYLE = Automatic;
				CURRENT_PROJECT_VERSION = 1;
				GENERATE_INFOPLIST_FILE = YES;
				MARKETING_VERSION = 1.0;
				PRODUCT_BUNDLE_IDENTIFIER = com.mag.EssentialAppUIAcceptanceTests;
				PRODUCT_NAME = "$(TARGET_NAME)";
				SWIFT_EMIT_LOC_STRINGS = NO;
				SWIFT_VERSION = 5.0;
				TARGETED_DEVICE_FAMILY = "1,2";
				TEST_TARGET_NAME = EssentialApp;
			};
			name = Release;
		};
/* End XCBuildConfiguration section */

/* Begin XCConfigurationList section */
		41676BDB2A55AF8400641FF8 /* Build configuration list for PBXProject "EssentialApp" */ = {
			isa = XCConfigurationList;
			buildConfigurations = (
				41676C082A55AF8500641FF8 /* Debug */,
				41676C092A55AF8500641FF8 /* Release */,
			);
			defaultConfigurationIsVisible = 0;
			defaultConfigurationName = Release;
		};
		41676C0A2A55AF8500641FF8 /* Build configuration list for PBXNativeTarget "EssentialApp" */ = {
			isa = XCConfigurationList;
			buildConfigurations = (
				41676C0B2A55AF8500641FF8 /* Debug */,
				41676C0C2A55AF8500641FF8 /* Release */,
			);
			defaultConfigurationIsVisible = 0;
			defaultConfigurationName = Release;
		};
		41676C0D2A55AF8500641FF8 /* Build configuration list for PBXNativeTarget "EssentialAppTests" */ = {
			isa = XCConfigurationList;
			buildConfigurations = (
				41676C0E2A55AF8500641FF8 /* Debug */,
				41676C0F2A55AF8500641FF8 /* Release */,
			);
			defaultConfigurationIsVisible = 0;
			defaultConfigurationName = Release;
		};
		41F7007F2A7A90A1002EF7BC /* Build configuration list for PBXNativeTarget "EssentialAppUIAcceptanceTests" */ = {
			isa = XCConfigurationList;
			buildConfigurations = (
				41F700802A7A90A1002EF7BC /* Debug */,
				41F700812A7A90A1002EF7BC /* Release */,
			);
			defaultConfigurationIsVisible = 0;
			defaultConfigurationName = Release;
		};
/* End XCConfigurationList section */
	};
	rootObject = 41676BD82A55AF8400641FF8 /* Project object */;
}
