// !$*UTF8*$!
{
	archiveVersion = 1;
	classes = {
	};
	objectVersion = 56;
	objects = {

/* Begin PBXBuildFile section */
		4144AA9A2AD5C11000015549 /* CommentsUIIntegrationTests.swift in Sources */ = {isa = PBXBuildFile; fileRef = 4144AA992AD5C11000015549 /* CommentsUIIntegrationTests.swift */; };
		4144AA9C2AD5C2AC00015549 /* CommentsUIComposer.swift in Sources */ = {isa = PBXBuildFile; fileRef = 4144AA9B2AD5C2AC00015549 /* CommentsUIComposer.swift */; };
		41468FFC2A7D7F1D00A9927E /* UIView+TestHelpers.swift in Sources */ = {isa = PBXBuildFile; fileRef = 41468FFB2A7D7F1D00A9927E /* UIView+TestHelpers.swift */; };
		416293E32A7BF40000777EE2 /* SceneDelegateTests.swift in Sources */ = {isa = PBXBuildFile; fileRef = 416293E22A7BF40000777EE2 /* SceneDelegateTests.swift */; };
		416293EA2A7C0EBA00777EE2 /* WeakRefVirtualProxy.swift in Sources */ = {isa = PBXBuildFile; fileRef = 416293E52A7C0EB900777EE2 /* WeakRefVirtualProxy.swift */; };
		416293EC2A7C0EBA00777EE2 /* FeedUIComposer.swift in Sources */ = {isa = PBXBuildFile; fileRef = 416293E72A7C0EB900777EE2 /* FeedUIComposer.swift */; };
		416293ED2A7C0EBA00777EE2 /* LoadResourcePresentationAdapter.swift in Sources */ = {isa = PBXBuildFile; fileRef = 416293E82A7C0EB900777EE2 /* LoadResourcePresentationAdapter.swift */; };
		416293EE2A7C0EBA00777EE2 /* FeedViewAdapter.swift in Sources */ = {isa = PBXBuildFile; fileRef = 416293E62A7C0EB900777EE2 /* FeedViewAdapter.swift */; };
		416293F92A7C0F0B00777EE2 /* UIRefreshControl+TestHelpers.swift .swift in Sources */ = {isa = PBXBuildFile; fileRef = 416293F02A7C0F0A00777EE2 /* UIRefreshControl+TestHelpers.swift .swift */; };
		416293FA2A7C0F0B00777EE2 /* UIButton+TestHelpers.swift in Sources */ = {isa = PBXBuildFile; fileRef = 416293F32A7C0F0B00777EE2 /* UIButton+TestHelpers.swift */; };
		416293FB2A7C0F0B00777EE2 /* FeedViewControllerTests+LoaderSpy.swift .swift in Sources */ = {isa = PBXBuildFile; fileRef = 416293F22A7C0F0B00777EE2 /* FeedViewControllerTests+LoaderSpy.swift .swift */; };
		416293FD2A7C0F0B00777EE2 /* FeedViewController+TestHelpers.swift in Sources */ = {isa = PBXBuildFile; fileRef = 416293F82A7C0F0B00777EE2 /* FeedViewController+TestHelpers.swift */; };
		416293FE2A7C0F0B00777EE2 /* UIImage+TestHelpers.swift in Sources */ = {isa = PBXBuildFile; fileRef = 416293F12A7C0F0B00777EE2 /* UIImage+TestHelpers.swift */; };
		416293FF2A7C0F0B00777EE2 /* FeedImageCell+TestHelpers.swift .swift in Sources */ = {isa = PBXBuildFile; fileRef = 416293F72A7C0F0B00777EE2 /* FeedImageCell+TestHelpers.swift .swift */; };
		416294002A7C0F0B00777EE2 /* UIControl+TestHelpers.swift in Sources */ = {isa = PBXBuildFile; fileRef = 416293F42A7C0F0B00777EE2 /* UIControl+TestHelpers.swift */; };
		416294012A7C0F0B00777EE2 /* FeedViewControllerTests+Assertions.swift in Sources */ = {isa = PBXBuildFile; fileRef = 416293F52A7C0F0B00777EE2 /* FeedViewControllerTests+Assertions.swift */; };
		416294032A7C0F8900777EE2 /* FeedUIIntegrationTests.swift in Sources */ = {isa = PBXBuildFile; fileRef = 416294022A7C0F8900777EE2 /* FeedUIIntegrationTests.swift */; };
		416294052A7C126800777EE2 /* FeedAcceptanceTests.swift in Sources */ = {isa = PBXBuildFile; fileRef = 416294042A7C126800777EE2 /* FeedAcceptanceTests.swift */; };
		416294072A7C216B00777EE2 /* HTTPClientStub.swift in Sources */ = {isa = PBXBuildFile; fileRef = 416294062A7C216B00777EE2 /* HTTPClientStub.swift */; };
		416294092A7C21E000777EE2 /* InMemoryFeedStore.swift in Sources */ = {isa = PBXBuildFile; fileRef = 416294082A7C21E000777EE2 /* InMemoryFeedStore.swift */; };
		41676BE42A55AF8400641FF8 /* AppDelegate.swift in Sources */ = {isa = PBXBuildFile; fileRef = 41676BE32A55AF8400641FF8 /* AppDelegate.swift */; };
		41676BE62A55AF8400641FF8 /* SceneDelegate.swift in Sources */ = {isa = PBXBuildFile; fileRef = 41676BE52A55AF8400641FF8 /* SceneDelegate.swift */; };
		41676BE82A55AF8400641FF8 /* ViewController.swift in Sources */ = {isa = PBXBuildFile; fileRef = 41676BE72A55AF8400641FF8 /* ViewController.swift */; };
		41676BED2A55AF8500641FF8 /* Assets.xcassets in Resources */ = {isa = PBXBuildFile; fileRef = 41676BEC2A55AF8500641FF8 /* Assets.xcassets */; };
		41676BF02A55AF8500641FF8 /* LaunchScreen.storyboard in Resources */ = {isa = PBXBuildFile; fileRef = 41676BEE2A55AF8500641FF8 /* LaunchScreen.storyboard */; };
		41676BFB2A55AF8500641FF8 /* EssentialAppTests.swift in Sources */ = {isa = PBXBuildFile; fileRef = 41676BFA2A55AF8500641FF8 /* EssentialAppTests.swift */; };
		41676C162A55B25B00641FF8 /* EssentialFeed.framework in Frameworks */ = {isa = PBXBuildFile; fileRef = 41676C142A55B25B00641FF8 /* EssentialFeed.framework */; };
		41676C172A55B25B00641FF8 /* EssentialFeed.framework in Embed Frameworks */ = {isa = PBXBuildFile; fileRef = 41676C142A55B25B00641FF8 /* EssentialFeed.framework */; settings = {ATTRIBUTES = (CodeSignOnCopy, RemoveHeadersOnCopy, ); }; };
		41676C182A55B25B00641FF8 /* EssentialFeediOS.framework in Frameworks */ = {isa = PBXBuildFile; fileRef = 41676C152A55B25B00641FF8 /* EssentialFeediOS.framework */; };
		41676C192A55B25B00641FF8 /* EssentialFeediOS.framework in Embed Frameworks */ = {isa = PBXBuildFile; fileRef = 41676C152A55B25B00641FF8 /* EssentialFeediOS.framework */; settings = {ATTRIBUTES = (CodeSignOnCopy, RemoveHeadersOnCopy, ); }; };
		41C921352AE4677900CF2343 /* NullStore.swift in Sources */ = {isa = PBXBuildFile; fileRef = 41C921342AE4677900CF2343 /* NullStore.swift */; };
		41D8998C2A8EB1D400291E5F /* CombineHelpers.swift in Sources */ = {isa = PBXBuildFile; fileRef = 41D8998B2A8EB1D400291E5F /* CombineHelpers.swift */; };
		41F7005C2A786421002EF7BC /* XCTestCase+MemoryLeakTracking.swift in Sources */ = {isa = PBXBuildFile; fileRef = 41F7005B2A786421002EF7BC /* XCTestCase+MemoryLeakTracking.swift */; };
		41F7005E2A786470002EF7BC /* SharedTestHelpers.swift in Sources */ = {isa = PBXBuildFile; fileRef = 41F7005D2A786470002EF7BC /* SharedTestHelpers.swift */; };
		41F700622A799DC1002EF7BC /* FeedLoaderStub.swift in Sources */ = {isa = PBXBuildFile; fileRef = 41F700612A799DC1002EF7BC /* FeedLoaderStub.swift */; };
		41F7006C2A79B553002EF7BC /* FeedImageDataLoaderSpy.swift in Sources */ = {isa = PBXBuildFile; fileRef = 41F7006B2A79B553002EF7BC /* FeedImageDataLoaderSpy.swift */; };
		41F7006E2A79B657002EF7BC /* XCTestCase+FeedImageDataLoader.swift in Sources */ = {isa = PBXBuildFile; fileRef = 41F7006D2A79B657002EF7BC /* XCTestCase+FeedImageDataLoader.swift */; };
/* End PBXBuildFile section */

/* Begin PBXContainerItemProxy section */
		41676BF72A55AF8500641FF8 /* PBXContainerItemProxy */ = {
			isa = PBXContainerItemProxy;
			containerPortal = 41676BD82A55AF8400641FF8 /* Project object */;
			proxyType = 1;
			remoteGlobalIDString = 41676BDF2A55AF8400641FF8;
			remoteInfo = EssentialApp;
		};
/* End PBXContainerItemProxy section */

/* Begin PBXCopyFilesBuildPhase section */
		41676C1A2A55B25B00641FF8 /* Embed Frameworks */ = {
			isa = PBXCopyFilesBuildPhase;
			buildActionMask = 2147483647;
			dstPath = "";
			dstSubfolderSpec = 10;
			files = (
				41676C172A55B25B00641FF8 /* EssentialFeed.framework in Embed Frameworks */,
				41676C192A55B25B00641FF8 /* EssentialFeediOS.framework in Embed Frameworks */,
			);
			name = "Embed Frameworks";
			runOnlyForDeploymentPostprocessing = 0;
		};
/* End PBXCopyFilesBuildPhase section */

/* Begin PBXFileReference section */
		4144AA992AD5C11000015549 /* CommentsUIIntegrationTests.swift */ = {isa = PBXFileReference; lastKnownFileType = sourcecode.swift; path = CommentsUIIntegrationTests.swift; sourceTree = "<group>"; };
		4144AA9B2AD5C2AC00015549 /* CommentsUIComposer.swift */ = {isa = PBXFileReference; lastKnownFileType = sourcecode.swift; path = CommentsUIComposer.swift; sourceTree = "<group>"; };
		41468FFB2A7D7F1D00A9927E /* UIView+TestHelpers.swift */ = {isa = PBXFileReference; lastKnownFileType = sourcecode.swift; path = "UIView+TestHelpers.swift"; sourceTree = "<group>"; };
		416293E22A7BF40000777EE2 /* SceneDelegateTests.swift */ = {isa = PBXFileReference; lastKnownFileType = sourcecode.swift; path = SceneDelegateTests.swift; sourceTree = "<group>"; };
		416293E52A7C0EB900777EE2 /* WeakRefVirtualProxy.swift */ = {isa = PBXFileReference; lastKnownFileType = sourcecode.swift; path = WeakRefVirtualProxy.swift; sourceTree = "<group>"; };
		416293E62A7C0EB900777EE2 /* FeedViewAdapter.swift */ = {isa = PBXFileReference; lastKnownFileType = sourcecode.swift; path = FeedViewAdapter.swift; sourceTree = "<group>"; };
		416293E72A7C0EB900777EE2 /* FeedUIComposer.swift */ = {isa = PBXFileReference; lastKnownFileType = sourcecode.swift; path = FeedUIComposer.swift; sourceTree = "<group>"; };
		416293E82A7C0EB900777EE2 /* LoadResourcePresentationAdapter.swift */ = {isa = PBXFileReference; lastKnownFileType = sourcecode.swift; path = LoadResourcePresentationAdapter.swift; sourceTree = "<group>"; };
		416293F02A7C0F0A00777EE2 /* UIRefreshControl+TestHelpers.swift .swift */ = {isa = PBXFileReference; lastKnownFileType = sourcecode.swift; path = "UIRefreshControl+TestHelpers.swift .swift"; sourceTree = "<group>"; };
		416293F12A7C0F0B00777EE2 /* UIImage+TestHelpers.swift */ = {isa = PBXFileReference; lastKnownFileType = sourcecode.swift; path = "UIImage+TestHelpers.swift"; sourceTree = "<group>"; };
		416293F22A7C0F0B00777EE2 /* FeedViewControllerTests+LoaderSpy.swift .swift */ = {isa = PBXFileReference; lastKnownFileType = sourcecode.swift; path = "FeedViewControllerTests+LoaderSpy.swift .swift"; sourceTree = "<group>"; };
		416293F32A7C0F0B00777EE2 /* UIButton+TestHelpers.swift */ = {isa = PBXFileReference; lastKnownFileType = sourcecode.swift; path = "UIButton+TestHelpers.swift"; sourceTree = "<group>"; };
		416293F42A7C0F0B00777EE2 /* UIControl+TestHelpers.swift */ = {isa = PBXFileReference; lastKnownFileType = sourcecode.swift; path = "UIControl+TestHelpers.swift"; sourceTree = "<group>"; };
		416293F52A7C0F0B00777EE2 /* FeedViewControllerTests+Assertions.swift */ = {isa = PBXFileReference; lastKnownFileType = sourcecode.swift; path = "FeedViewControllerTests+Assertions.swift"; sourceTree = "<group>"; };
		416293F72A7C0F0B00777EE2 /* FeedImageCell+TestHelpers.swift .swift */ = {isa = PBXFileReference; lastKnownFileType = sourcecode.swift; path = "FeedImageCell+TestHelpers.swift .swift"; sourceTree = "<group>"; };
		416293F82A7C0F0B00777EE2 /* FeedViewController+TestHelpers.swift */ = {isa = PBXFileReference; lastKnownFileType = sourcecode.swift; path = "FeedViewController+TestHelpers.swift"; sourceTree = "<group>"; };
		416294022A7C0F8900777EE2 /* FeedUIIntegrationTests.swift */ = {isa = PBXFileReference; lastKnownFileType = sourcecode.swift; path = FeedUIIntegrationTests.swift; sourceTree = "<group>"; };
		416294042A7C126800777EE2 /* FeedAcceptanceTests.swift */ = {isa = PBXFileReference; lastKnownFileType = sourcecode.swift; path = FeedAcceptanceTests.swift; sourceTree = "<group>"; };
		416294062A7C216B00777EE2 /* HTTPClientStub.swift */ = {isa = PBXFileReference; lastKnownFileType = sourcecode.swift; path = HTTPClientStub.swift; sourceTree = "<group>"; };
		416294082A7C21E000777EE2 /* InMemoryFeedStore.swift */ = {isa = PBXFileReference; lastKnownFileType = sourcecode.swift; path = InMemoryFeedStore.swift; sourceTree = "<group>"; };
		41676BE02A55AF8400641FF8 /* EssentialApp.app */ = {isa = PBXFileReference; explicitFileType = wrapper.application; includeInIndex = 0; path = EssentialApp.app; sourceTree = BUILT_PRODUCTS_DIR; };
		41676BE32A55AF8400641FF8 /* AppDelegate.swift */ = {isa = PBXFileReference; lastKnownFileType = sourcecode.swift; path = AppDelegate.swift; sourceTree = "<group>"; };
		41676BE52A55AF8400641FF8 /* SceneDelegate.swift */ = {isa = PBXFileReference; lastKnownFileType = sourcecode.swift; path = SceneDelegate.swift; sourceTree = "<group>"; };
		41676BE72A55AF8400641FF8 /* ViewController.swift */ = {isa = PBXFileReference; lastKnownFileType = sourcecode.swift; path = ViewController.swift; sourceTree = "<group>"; };
		41676BEC2A55AF8500641FF8 /* Assets.xcassets */ = {isa = PBXFileReference; lastKnownFileType = folder.assetcatalog; path = Assets.xcassets; sourceTree = "<group>"; };
		41676BEF2A55AF8500641FF8 /* Base */ = {isa = PBXFileReference; lastKnownFileType = file.storyboard; name = Base; path = Base.lproj/LaunchScreen.storyboard; sourceTree = "<group>"; };
		41676BF12A55AF8500641FF8 /* Info.plist */ = {isa = PBXFileReference; lastKnownFileType = text.plist.xml; path = Info.plist; sourceTree = "<group>"; };
		41676BF62A55AF8500641FF8 /* EssentialAppTests.xctest */ = {isa = PBXFileReference; explicitFileType = wrapper.cfbundle; includeInIndex = 0; path = EssentialAppTests.xctest; sourceTree = BUILT_PRODUCTS_DIR; };
		41676BFA2A55AF8500641FF8 /* EssentialAppTests.swift */ = {isa = PBXFileReference; lastKnownFileType = sourcecode.swift; path = EssentialAppTests.swift; sourceTree = "<group>"; };
		41676C142A55B25B00641FF8 /* EssentialFeed.framework */ = {isa = PBXFileReference; explicitFileType = wrapper.framework; path = EssentialFeed.framework; sourceTree = BUILT_PRODUCTS_DIR; };
		41676C152A55B25B00641FF8 /* EssentialFeediOS.framework */ = {isa = PBXFileReference; explicitFileType = wrapper.framework; path = EssentialFeediOS.framework; sourceTree = BUILT_PRODUCTS_DIR; };
		41C921342AE4677900CF2343 /* NullStore.swift */ = {isa = PBXFileReference; lastKnownFileType = sourcecode.swift; path = NullStore.swift; sourceTree = "<group>"; };
		41D8998B2A8EB1D400291E5F /* CombineHelpers.swift */ = {isa = PBXFileReference; lastKnownFileType = sourcecode.swift; path = CombineHelpers.swift; sourceTree = "<group>"; };
		41F7005B2A786421002EF7BC /* XCTestCase+MemoryLeakTracking.swift */ = {isa = PBXFileReference; lastKnownFileType = sourcecode.swift; path = "XCTestCase+MemoryLeakTracking.swift"; sourceTree = "<group>"; };
		41F7005D2A786470002EF7BC /* SharedTestHelpers.swift */ = {isa = PBXFileReference; lastKnownFileType = sourcecode.swift; path = SharedTestHelpers.swift; sourceTree = "<group>"; };
		41F700612A799DC1002EF7BC /* FeedLoaderStub.swift */ = {isa = PBXFileReference; lastKnownFileType = sourcecode.swift; path = FeedLoaderStub.swift; sourceTree = "<group>"; };
		41F7006B2A79B553002EF7BC /* FeedImageDataLoaderSpy.swift */ = {isa = PBXFileReference; lastKnownFileType = sourcecode.swift; path = FeedImageDataLoaderSpy.swift; sourceTree = "<group>"; };
		41F7006D2A79B657002EF7BC /* XCTestCase+FeedImageDataLoader.swift */ = {isa = PBXFileReference; lastKnownFileType = sourcecode.swift; path = "XCTestCase+FeedImageDataLoader.swift"; sourceTree = "<group>"; };
/* End PBXFileReference section */

/* Begin PBXFrameworksBuildPhase section */
		41676BDD2A55AF8400641FF8 /* Frameworks */ = {
			isa = PBXFrameworksBuildPhase;
			buildActionMask = 2147483647;
			files = (
				41676C162A55B25B00641FF8 /* EssentialFeed.framework in Frameworks */,
				41676C182A55B25B00641FF8 /* EssentialFeediOS.framework in Frameworks */,
			);
			runOnlyForDeploymentPostprocessing = 0;
		};
		41676BF32A55AF8500641FF8 /* Frameworks */ = {
			isa = PBXFrameworksBuildPhase;
			buildActionMask = 2147483647;
			files = (
			);
			runOnlyForDeploymentPostprocessing = 0;
		};
/* End PBXFrameworksBuildPhase section */

/* Begin PBXGroup section */
		41676BD72A55AF8400641FF8 = {
			isa = PBXGroup;
			children = (
				41676BE22A55AF8400641FF8 /* EssentialApp */,
				41676BF92A55AF8500641FF8 /* EssentialAppTests */,
				41676BE12A55AF8400641FF8 /* Products */,
				41676C132A55B25B00641FF8 /* Frameworks */,
			);
			sourceTree = "<group>";
		};
		41676BE12A55AF8400641FF8 /* Products */ = {
			isa = PBXGroup;
			children = (
				41676BE02A55AF8400641FF8 /* EssentialApp.app */,
				41676BF62A55AF8500641FF8 /* EssentialAppTests.xctest */,
			);
			name = Products;
			sourceTree = "<group>";
		};
		41676BE22A55AF8400641FF8 /* EssentialApp */ = {
			isa = PBXGroup;
			children = (
				41676BE32A55AF8400641FF8 /* AppDelegate.swift */,
				41676BE52A55AF8400641FF8 /* SceneDelegate.swift */,
				416293E72A7C0EB900777EE2 /* FeedUIComposer.swift */,
				4144AA9B2AD5C2AC00015549 /* CommentsUIComposer.swift */,
				416293E52A7C0EB900777EE2 /* WeakRefVirtualProxy.swift */,
				416293E82A7C0EB900777EE2 /* LoadResourcePresentationAdapter.swift */,
				416293E62A7C0EB900777EE2 /* FeedViewAdapter.swift */,
				41676BE72A55AF8400641FF8 /* ViewController.swift */,
				41676BEC2A55AF8500641FF8 /* Assets.xcassets */,
				41676BEE2A55AF8500641FF8 /* LaunchScreen.storyboard */,
				41676BF12A55AF8500641FF8 /* Info.plist */,
				41D8998B2A8EB1D400291E5F /* CombineHelpers.swift */,
				41C921342AE4677900CF2343 /* NullStore.swift */,
			);
			path = EssentialApp;
			sourceTree = "<group>";
		};
		41676BF92A55AF8500641FF8 /* EssentialAppTests */ = {
			isa = PBXGroup;
			children = (
				41F7005A2A786411002EF7BC /* Helpers */,
				41676BFA2A55AF8500641FF8 /* EssentialAppTests.swift */,
				416294022A7C0F8900777EE2 /* FeedUIIntegrationTests.swift */,
				416293E22A7BF40000777EE2 /* SceneDelegateTests.swift */,
				416294042A7C126800777EE2 /* FeedAcceptanceTests.swift */,
				4144AA992AD5C11000015549 /* CommentsUIIntegrationTests.swift */,
			);
			path = EssentialAppTests;
			sourceTree = "<group>";
		};
		41676C132A55B25B00641FF8 /* Frameworks */ = {
			isa = PBXGroup;
			children = (
				41676C142A55B25B00641FF8 /* EssentialFeed.framework */,
				41676C152A55B25B00641FF8 /* EssentialFeediOS.framework */,
			);
			name = Frameworks;
			sourceTree = "<group>";
		};
		41F7005A2A786411002EF7BC /* Helpers */ = {
			isa = PBXGroup;
			children = (
				416293F12A7C0F0B00777EE2 /* UIImage+TestHelpers.swift */,
				416293F02A7C0F0A00777EE2 /* UIRefreshControl+TestHelpers.swift .swift */,
				416293F32A7C0F0B00777EE2 /* UIButton+TestHelpers.swift */,
				416293F42A7C0F0B00777EE2 /* UIControl+TestHelpers.swift */,
				416293F82A7C0F0B00777EE2 /* FeedViewController+TestHelpers.swift */,
				416293F72A7C0F0B00777EE2 /* FeedImageCell+TestHelpers.swift .swift */,
				416293F22A7C0F0B00777EE2 /* FeedViewControllerTests+LoaderSpy.swift .swift */,
				416293F52A7C0F0B00777EE2 /* FeedViewControllerTests+Assertions.swift */,
				41F7005B2A786421002EF7BC /* XCTestCase+MemoryLeakTracking.swift */,
				41F7005D2A786470002EF7BC /* SharedTestHelpers.swift */,
				41F700612A799DC1002EF7BC /* FeedLoaderStub.swift */,
				41F7006B2A79B553002EF7BC /* FeedImageDataLoaderSpy.swift */,
				41F7006D2A79B657002EF7BC /* XCTestCase+FeedImageDataLoader.swift */,
				416294062A7C216B00777EE2 /* HTTPClientStub.swift */,
				416294082A7C21E000777EE2 /* InMemoryFeedStore.swift */,
				41468FFB2A7D7F1D00A9927E /* UIView+TestHelpers.swift */,
			);
			path = Helpers;
			sourceTree = "<group>";
		};
/* End PBXGroup section */

/* Begin PBXNativeTarget section */
		41676BDF2A55AF8400641FF8 /* EssentialApp */ = {
			isa = PBXNativeTarget;
			buildConfigurationList = 41676C0A2A55AF8500641FF8 /* Build configuration list for PBXNativeTarget "EssentialApp" */;
			buildPhases = (
				41676BDC2A55AF8400641FF8 /* Sources */,
				41676BDD2A55AF8400641FF8 /* Frameworks */,
				41676BDE2A55AF8400641FF8 /* Resources */,
				41676C1A2A55B25B00641FF8 /* Embed Frameworks */,
			);
			buildRules = (
			);
			dependencies = (
			);
			name = EssentialApp;
			productName = EssentialApp;
			productReference = 41676BE02A55AF8400641FF8 /* EssentialApp.app */;
			productType = "com.apple.product-type.application";
		};
		41676BF52A55AF8500641FF8 /* EssentialAppTests */ = {
			isa = PBXNativeTarget;
			buildConfigurationList = 41676C0D2A55AF8500641FF8 /* Build configuration list for PBXNativeTarget "EssentialAppTests" */;
			buildPhases = (
				41676BF22A55AF8500641FF8 /* Sources */,
				41676BF32A55AF8500641FF8 /* Frameworks */,
				41676BF42A55AF8500641FF8 /* Resources */,
			);
			buildRules = (
			);
			dependencies = (
				41676BF82A55AF8500641FF8 /* PBXTargetDependency */,
			);
			name = EssentialAppTests;
			productName = EssentialAppTests;
			productReference = 41676BF62A55AF8500641FF8 /* EssentialAppTests.xctest */;
			productType = "com.apple.product-type.bundle.unit-test";
		};
/* End PBXNativeTarget section */

/* Begin PBXProject section */
		41676BD82A55AF8400641FF8 /* Project object */ = {
			isa = PBXProject;
			attributes = {
				BuildIndependentTargetsInParallel = 1;
				LastSwiftUpdateCheck = 1430;
				LastUpgradeCheck = 1430;
				TargetAttributes = {
					41676BDF2A55AF8400641FF8 = {
						CreatedOnToolsVersion = 14.3.1;
					};
					41676BF52A55AF8500641FF8 = {
						CreatedOnToolsVersion = 14.3.1;
						TestTargetID = 41676BDF2A55AF8400641FF8;
					};
				};
			};
			buildConfigurationList = 41676BDB2A55AF8400641FF8 /* Build configuration list for PBXProject "EssentialApp" */;
			compatibilityVersion = "Xcode 14.0";
			developmentRegion = en;
			hasScannedForEncodings = 0;
			knownRegions = (
				en,
				Base,
			);
			mainGroup = 41676BD72A55AF8400641FF8;
			productRefGroup = 41676BE12A55AF8400641FF8 /* Products */;
			projectDirPath = "";
			projectRoot = "";
			targets = (
				41676BDF2A55AF8400641FF8 /* EssentialApp */,
				41676BF52A55AF8500641FF8 /* EssentialAppTests */,
			);
		};
/* End PBXProject section */

/* Begin PBXResourcesBuildPhase section */
		41676BDE2A55AF8400641FF8 /* Resources */ = {
			isa = PBXResourcesBuildPhase;
			buildActionMask = 2147483647;
			files = (
				41676BF02A55AF8500641FF8 /* LaunchScreen.storyboard in Resources */,
				41676BED2A55AF8500641FF8 /* Assets.xcassets in Resources */,
			);
			runOnlyForDeploymentPostprocessing = 0;
		};
		41676BF42A55AF8500641FF8 /* Resources */ = {
			isa = PBXResourcesBuildPhase;
			buildActionMask = 2147483647;
			files = (
			);
			runOnlyForDeploymentPostprocessing = 0;
		};
/* End PBXResourcesBuildPhase section */

/* Begin PBXSourcesBuildPhase section */
		41676BDC2A55AF8400641FF8 /* Sources */ = {
			isa = PBXSourcesBuildPhase;
			buildActionMask = 2147483647;
			files = (
				41676BE82A55AF8400641FF8 /* ViewController.swift in Sources */,
				41676BE42A55AF8400641FF8 /* AppDelegate.swift in Sources */,
				41C921352AE4677900CF2343 /* NullStore.swift in Sources */,
				41D8998C2A8EB1D400291E5F /* CombineHelpers.swift in Sources */,
				416293ED2A7C0EBA00777EE2 /* LoadResourcePresentationAdapter.swift in Sources */,
				4144AA9C2AD5C2AC00015549 /* CommentsUIComposer.swift in Sources */,
				41676BE62A55AF8400641FF8 /* SceneDelegate.swift in Sources */,
				416293EC2A7C0EBA00777EE2 /* FeedUIComposer.swift in Sources */,
				416293EA2A7C0EBA00777EE2 /* WeakRefVirtualProxy.swift in Sources */,
				416293EE2A7C0EBA00777EE2 /* FeedViewAdapter.swift in Sources */,
			);
			runOnlyForDeploymentPostprocessing = 0;
		};
		41676BF22A55AF8500641FF8 /* Sources */ = {
			isa = PBXSourcesBuildPhase;
			buildActionMask = 2147483647;
			files = (
				4144AA9A2AD5C11000015549 /* CommentsUIIntegrationTests.swift in Sources */,
				41F700622A799DC1002EF7BC /* FeedLoaderStub.swift in Sources */,
				41F7005C2A786421002EF7BC /* XCTestCase+MemoryLeakTracking.swift in Sources */,
				416294002A7C0F0B00777EE2 /* UIControl+TestHelpers.swift in Sources */,
				416293FD2A7C0F0B00777EE2 /* FeedViewController+TestHelpers.swift in Sources */,
				41F7005E2A786470002EF7BC /* SharedTestHelpers.swift in Sources */,
				416294052A7C126800777EE2 /* FeedAcceptanceTests.swift in Sources */,
				416294032A7C0F8900777EE2 /* FeedUIIntegrationTests.swift in Sources */,
				41676BFB2A55AF8500641FF8 /* EssentialAppTests.swift in Sources */,
				416293FF2A7C0F0B00777EE2 /* FeedImageCell+TestHelpers.swift .swift in Sources */,
				416294072A7C216B00777EE2 /* HTTPClientStub.swift in Sources */,
				41F7006C2A79B553002EF7BC /* FeedImageDataLoaderSpy.swift in Sources */,
				416294012A7C0F0B00777EE2 /* FeedViewControllerTests+Assertions.swift in Sources */,
				416293F92A7C0F0B00777EE2 /* UIRefreshControl+TestHelpers.swift .swift in Sources */,
				416293FE2A7C0F0B00777EE2 /* UIImage+TestHelpers.swift in Sources */,
				416293FA2A7C0F0B00777EE2 /* UIButton+TestHelpers.swift in Sources */,
				41468FFC2A7D7F1D00A9927E /* UIView+TestHelpers.swift in Sources */,
				416293FB2A7C0F0B00777EE2 /* FeedViewControllerTests+LoaderSpy.swift .swift in Sources */,
				41F7006E2A79B657002EF7BC /* XCTestCase+FeedImageDataLoader.swift in Sources */,
				416293E32A7BF40000777EE2 /* SceneDelegateTests.swift in Sources */,
				416294092A7C21E000777EE2 /* InMemoryFeedStore.swift in Sources */,
			);
			runOnlyForDeploymentPostprocessing = 0;
		};
/* End PBXSourcesBuildPhase section */

/* Begin PBXTargetDependency section */
		41676BF82A55AF8500641FF8 /* PBXTargetDependency */ = {
			isa = PBXTargetDependency;
			target = 41676BDF2A55AF8400641FF8 /* EssentialApp */;
			targetProxy = 41676BF72A55AF8500641FF8 /* PBXContainerItemProxy */;
		};
/* End PBXTargetDependency section */

/* Begin PBXVariantGroup section */
		41676BEE2A55AF8500641FF8 /* LaunchScreen.storyboard */ = {
			isa = PBXVariantGroup;
			children = (
				41676BEF2A55AF8500641FF8 /* Base */,
			);
			name = LaunchScreen.storyboard;
			sourceTree = "<group>";
		};
/* End PBXVariantGroup section */

/* Begin XCBuildConfiguration section */
		41676C082A55AF8500641FF8 /* Debug */ = {
			isa = XCBuildConfiguration;
			buildSettings = {
				ALWAYS_SEARCH_USER_PATHS = NO;
				CLANG_ANALYZER_NONNULL = YES;
				CLANG_ANALYZER_NUMBER_OBJECT_CONVERSION = YES_AGGRESSIVE;
				CLANG_CXX_LANGUAGE_STANDARD = "gnu++20";
				CLANG_ENABLE_MODULES = YES;
				CLANG_ENABLE_OBJC_ARC = YES;
				CLANG_ENABLE_OBJC_WEAK = YES;
				CLANG_WARN_BLOCK_CAPTURE_AUTORELEASING = YES;
				CLANG_WARN_BOOL_CONVERSION = YES;
				CLANG_WARN_COMMA = YES;
				CLANG_WARN_CONSTANT_CONVERSION = YES;
				CLANG_WARN_DEPRECATED_OBJC_IMPLEMENTATIONS = YES;
				CLANG_WARN_DIRECT_OBJC_ISA_USAGE = YES_ERROR;
				CLANG_WARN_DOCUMENTATION_COMMENTS = YES;
				CLANG_WARN_EMPTY_BODY = YES;
				CLANG_WARN_ENUM_CONVERSION = YES;
				CLANG_WARN_INFINITE_RECURSION = YES;
				CLANG_WARN_INT_CONVERSION = YES;
				CLANG_WARN_NON_LITERAL_NULL_CONVERSION = YES;
				CLANG_WARN_OBJC_IMPLICIT_RETAIN_SELF = YES;
				CLANG_WARN_OBJC_LITERAL_CONVERSION = YES;
				CLANG_WARN_OBJC_ROOT_CLASS = YES_ERROR;
				CLANG_WARN_QUOTED_INCLUDE_IN_FRAMEWORK_HEADER = YES;
				CLANG_WARN_RANGE_LOOP_ANALYSIS = YES;
				CLANG_WARN_STRICT_PROTOTYPES = YES;
				CLANG_WARN_SUSPICIOUS_MOVE = YES;
				CLANG_WARN_UNGUARDED_AVAILABILITY = YES_AGGRESSIVE;
				CLANG_WARN_UNREACHABLE_CODE = YES;
				CLANG_WARN__DUPLICATE_METHOD_MATCH = YES;
				COPY_PHASE_STRIP = NO;
				DEBUG_INFORMATION_FORMAT = dwarf;
				ENABLE_STRICT_OBJC_MSGSEND = YES;
				ENABLE_TESTABILITY = YES;
				GCC_C_LANGUAGE_STANDARD = gnu11;
				GCC_DYNAMIC_NO_PIC = NO;
				GCC_NO_COMMON_BLOCKS = YES;
				GCC_OPTIMIZATION_LEVEL = 0;
				GCC_PREPROCESSOR_DEFINITIONS = (
					"DEBUG=1",
					"$(inherited)",
				);
				GCC_WARN_64_TO_32_BIT_CONVERSION = YES;
				GCC_WARN_ABOUT_RETURN_TYPE = YES_ERROR;
				GCC_WARN_UNDECLARED_SELECTOR = YES;
				GCC_WARN_UNINITIALIZED_AUTOS = YES_AGGRESSIVE;
				GCC_WARN_UNUSED_FUNCTION = YES;
				GCC_WARN_UNUSED_VARIABLE = YES;
				IPHONEOS_DEPLOYMENT_TARGET = 16.4;
				MTL_ENABLE_DEBUG_INFO = INCLUDE_SOURCE;
				MTL_FAST_MATH = YES;
				ONLY_ACTIVE_ARCH = YES;
				SDKROOT = iphoneos;
				SWIFT_ACTIVE_COMPILATION_CONDITIONS = DEBUG;
				SWIFT_OPTIMIZATION_LEVEL = "-Onone";
			};
			name = Debug;
		};
		41676C092A55AF8500641FF8 /* Release */ = {
			isa = XCBuildConfiguration;
			buildSettings = {
				ALWAYS_SEARCH_USER_PATHS = NO;
				CLANG_ANALYZER_NONNULL = YES;
				CLANG_ANALYZER_NUMBER_OBJECT_CONVERSION = YES_AGGRESSIVE;
				CLANG_CXX_LANGUAGE_STANDARD = "gnu++20";
				CLANG_ENABLE_MODULES = YES;
				CLANG_ENABLE_OBJC_ARC = YES;
				CLANG_ENABLE_OBJC_WEAK = YES;
				CLANG_WARN_BLOCK_CAPTURE_AUTORELEASING = YES;
				CLANG_WARN_BOOL_CONVERSION = YES;
				CLANG_WARN_COMMA = YES;
				CLANG_WARN_CONSTANT_CONVERSION = YES;
				CLANG_WARN_DEPRECATED_OBJC_IMPLEMENTATIONS = YES;
				CLANG_WARN_DIRECT_OBJC_ISA_USAGE = YES_ERROR;
				CLANG_WARN_DOCUMENTATION_COMMENTS = YES;
				CLANG_WARN_EMPTY_BODY = YES;
				CLANG_WARN_ENUM_CONVERSION = YES;
				CLANG_WARN_INFINITE_RECURSION = YES;
				CLANG_WARN_INT_CONVERSION = YES;
				CLANG_WARN_NON_LITERAL_NULL_CONVERSION = YES;
				CLANG_WARN_OBJC_IMPLICIT_RETAIN_SELF = YES;
				CLANG_WARN_OBJC_LITERAL_CONVERSION = YES;
				CLANG_WARN_OBJC_ROOT_CLASS = YES_ERROR;
				CLANG_WARN_QUOTED_INCLUDE_IN_FRAMEWORK_HEADER = YES;
				CLANG_WARN_RANGE_LOOP_ANALYSIS = YES;
				CLANG_WARN_STRICT_PROTOTYPES = YES;
				CLANG_WARN_SUSPICIOUS_MOVE = YES;
				CLANG_WARN_UNGUARDED_AVAILABILITY = YES_AGGRESSIVE;
				CLANG_WARN_UNREACHABLE_CODE = YES;
				CLANG_WARN__DUPLICATE_METHOD_MATCH = YES;
				COPY_PHASE_STRIP = NO;
				DEBUG_INFORMATION_FORMAT = "dwarf-with-dsym";
				ENABLE_NS_ASSERTIONS = NO;
				ENABLE_STRICT_OBJC_MSGSEND = YES;
				GCC_C_LANGUAGE_STANDARD = gnu11;
				GCC_NO_COMMON_BLOCKS = YES;
				GCC_WARN_64_TO_32_BIT_CONVERSION = YES;
				GCC_WARN_ABOUT_RETURN_TYPE = YES_ERROR;
				GCC_WARN_UNDECLARED_SELECTOR = YES;
				GCC_WARN_UNINITIALIZED_AUTOS = YES_AGGRESSIVE;
				GCC_WARN_UNUSED_FUNCTION = YES;
				GCC_WARN_UNUSED_VARIABLE = YES;
				IPHONEOS_DEPLOYMENT_TARGET = 16.4;
				MTL_ENABLE_DEBUG_INFO = NO;
				MTL_FAST_MATH = YES;
				SDKROOT = iphoneos;
				SWIFT_COMPILATION_MODE = wholemodule;
				SWIFT_OPTIMIZATION_LEVEL = "-O";
				VALIDATE_PRODUCT = YES;
			};
			name = Release;
		};
		41676C0B2A55AF8500641FF8 /* Debug */ = {
			isa = XCBuildConfiguration;
			buildSettings = {
				ASSETCATALOG_COMPILER_APPICON_NAME = AppIcon;
				ASSETCATALOG_COMPILER_GLOBAL_ACCENT_COLOR_NAME = AccentColor;
				CODE_SIGN_STYLE = Automatic;
				CURRENT_PROJECT_VERSION = 1;
				GENERATE_INFOPLIST_FILE = YES;
				INFOPLIST_FILE = EssentialApp/Info.plist;
				INFOPLIST_KEY_UIApplicationSupportsIndirectInputEvents = YES;
				INFOPLIST_KEY_UILaunchStoryboardName = LaunchScreen;
				INFOPLIST_KEY_UIMainStoryboardFile = "";
				INFOPLIST_KEY_UISupportedInterfaceOrientations = UIInterfaceOrientationPortrait;
				LD_RUNPATH_SEARCH_PATHS = (
					"$(inherited)",
					"@executable_path/Frameworks",
				);
				MARKETING_VERSION = 1.0;
				PRODUCT_BUNDLE_IDENTIFIER = com.mag.EssentialApp;
				PRODUCT_NAME = "$(TARGET_NAME)";
				SWIFT_EMIT_LOC_STRINGS = YES;
				SWIFT_VERSION = 5.0;
				TARGETED_DEVICE_FAMILY = "1,2";
			};
			name = Debug;
		};
		41676C0C2A55AF8500641FF8 /* Release */ = {
			isa = XCBuildConfiguration;
			buildSettings = {
				ASSETCATALOG_COMPILER_APPICON_NAME = AppIcon;
				ASSETCATALOG_COMPILER_GLOBAL_ACCENT_COLOR_NAME = AccentColor;
				CODE_SIGN_STYLE = Automatic;
				CURRENT_PROJECT_VERSION = 1;
				GENERATE_INFOPLIST_FILE = YES;
				INFOPLIST_FILE = EssentialApp/Info.plist;
				INFOPLIST_KEY_UIApplicationSupportsIndirectInputEvents = YES;
				INFOPLIST_KEY_UILaunchStoryboardName = LaunchScreen;
				INFOPLIST_KEY_UIMainStoryboardFile = "";
				INFOPLIST_KEY_UISupportedInterfaceOrientations = UIInterfaceOrientationPortrait;
				LD_RUNPATH_SEARCH_PATHS = (
					"$(inherited)",
					"@executable_path/Frameworks",
				);
				MARKETING_VERSION = 1.0;
				PRODUCT_BUNDLE_IDENTIFIER = com.mag.EssentialApp;
				PRODUCT_NAME = "$(TARGET_NAME)";
				SWIFT_EMIT_LOC_STRINGS = YES;
				SWIFT_VERSION = 5.0;
				TARGETED_DEVICE_FAMILY = "1,2";
			};
			name = Release;
		};
		41676C0E2A55AF8500641FF8 /* Debug */ = {
			isa = XCBuildConfiguration;
			buildSettings = {
				ALWAYS_EMBED_SWIFT_STANDARD_LIBRARIES = YES;
				BUNDLE_LOADER = "$(TEST_HOST)";
				CODE_SIGN_STYLE = Automatic;
				CURRENT_PROJECT_VERSION = 1;
				GENERATE_INFOPLIST_FILE = YES;
				IPHONEOS_DEPLOYMENT_TARGET = 16.4;
				MARKETING_VERSION = 1.0;
				PRODUCT_BUNDLE_IDENTIFIER = com.mag.EssentialAppTests;
				PRODUCT_NAME = "$(TARGET_NAME)";
				SWIFT_EMIT_LOC_STRINGS = NO;
				SWIFT_VERSION = 5.0;
				TARGETED_DEVICE_FAMILY = "1,2";
				TEST_HOST = "$(BUILT_PRODUCTS_DIR)/EssentialApp.app/$(BUNDLE_EXECUTABLE_FOLDER_PATH)/EssentialApp";
			};
			name = Debug;
		};
		41676C0F2A55AF8500641FF8 /* Release */ = {
			isa = XCBuildConfiguration;
			buildSettings = {
				ALWAYS_EMBED_SWIFT_STANDARD_LIBRARIES = YES;
				BUNDLE_LOADER = "$(TEST_HOST)";
				CODE_SIGN_STYLE = Automatic;
				CURRENT_PROJECT_VERSION = 1;
				GENERATE_INFOPLIST_FILE = YES;
				IPHONEOS_DEPLOYMENT_TARGET = 16.4;
				MARKETING_VERSION = 1.0;
				PRODUCT_BUNDLE_IDENTIFIER = com.mag.EssentialAppTests;
				PRODUCT_NAME = "$(TARGET_NAME)";
				SWIFT_EMIT_LOC_STRINGS = NO;
				SWIFT_VERSION = 5.0;
				TARGETED_DEVICE_FAMILY = "1,2";
				TEST_HOST = "$(BUILT_PRODUCTS_DIR)/EssentialApp.app/$(BUNDLE_EXECUTABLE_FOLDER_PATH)/EssentialApp";
			};
			name = Release;
		};
/* End XCBuildConfiguration section */

/* Begin XCConfigurationList section */
		41676BDB2A55AF8400641FF8 /* Build configuration list for PBXProject "EssentialApp" */ = {
			isa = XCConfigurationList;
			buildConfigurations = (
				41676C082A55AF8500641FF8 /* Debug */,
				41676C092A55AF8500641FF8 /* Release */,
			);
			defaultConfigurationIsVisible = 0;
			defaultConfigurationName = Release;
		};
		41676C0A2A55AF8500641FF8 /* Build configuration list for PBXNativeTarget "EssentialApp" */ = {
			isa = XCConfigurationList;
			buildConfigurations = (
				41676C0B2A55AF8500641FF8 /* Debug */,
				41676C0C2A55AF8500641FF8 /* Release */,
			);
			defaultConfigurationIsVisible = 0;
			defaultConfigurationName = Release;
		};
		41676C0D2A55AF8500641FF8 /* Build configuration list for PBXNativeTarget "EssentialAppTests" */ = {
			isa = XCConfigurationList;
			buildConfigurations = (
				41676C0E2A55AF8500641FF8 /* Debug */,
				41676C0F2A55AF8500641FF8 /* Release */,
			);
			defaultConfigurationIsVisible = 0;
			defaultConfigurationName = Release;
		};
/* End XCConfigurationList section */
	};
	rootObject = 41676BD82A55AF8400641FF8 /* Project object */;
}
