// !$*UTF8*$!
{
	archiveVersion = 1;
	classes = {
	};
	objectVersion = 53;
	objects = {

/* Begin PBXBuildFile section */
		4109381429FFBCFB00061AD5 /* CoreDataHelpers.swift in Sources */ = {isa = PBXBuildFile; fileRef = 4109381329FFBCFB00061AD5 /* CoreDataHelpers.swift */; };
		4109381629FFBDFF00061AD5 /* ManagedCache.swift in Sources */ = {isa = PBXBuildFile; fileRef = 4109381529FFBDFF00061AD5 /* ManagedCache.swift */; };
		4109381829FFBE2100061AD5 /* ManagedFeedImage.swift in Sources */ = {isa = PBXBuildFile; fileRef = 4109381729FFBE2100061AD5 /* ManagedFeedImage.swift */; };
		410938202A02B12A00061AD5 /* EssentialFeedCacheIntegrationTests.swift in Sources */ = {isa = PBXBuildFile; fileRef = 4109381F2A02B12A00061AD5 /* EssentialFeedCacheIntegrationTests.swift */; };
		410938212A02B12A00061AD5 /* EssentialFeed.framework in Frameworks */ = {isa = PBXBuildFile; fileRef = 41A8482C259FC29800581967 /* EssentialFeed.framework */; };
		410938272A02BB5B00061AD5 /* XCTestCase+MemoryLeakTracking.swift in Sources */ = {isa = PBXBuildFile; fileRef = 417BF4EA274DAF9000331FB0 /* XCTestCase+MemoryLeakTracking.swift */; };
		41148A4229FEAE48002ACC2A /* FeedStoreSpecs.swift in Sources */ = {isa = PBXBuildFile; fileRef = 41148A4129FEAE48002ACC2A /* FeedStoreSpecs.swift */; };
		41148A4429FEAF89002ACC2A /* XCTestCase+FeedStoreSpecs.swift in Sources */ = {isa = PBXBuildFile; fileRef = 41148A4329FEAF89002ACC2A /* XCTestCase+FeedStoreSpecs.swift */; };
		41148A4629FEB573002ACC2A /* XCTestCase+FailableRetrieveFeedStoreSpecs.swift in Sources */ = {isa = PBXBuildFile; fileRef = 41148A4529FEB573002ACC2A /* XCTestCase+FailableRetrieveFeedStoreSpecs.swift */; };
		41148A4829FEB6D0002ACC2A /* XCTestCase+FailableInsertFeedStoreSpecs.swift in Sources */ = {isa = PBXBuildFile; fileRef = 41148A4729FEB6D0002ACC2A /* XCTestCase+FailableInsertFeedStoreSpecs.swift */; };
		41148A4A29FEB784002ACC2A /* XCTestCase+FailableDeleteFeedStoreSpecs.swift in Sources */ = {isa = PBXBuildFile; fileRef = 41148A4929FEB784002ACC2A /* XCTestCase+FailableDeleteFeedStoreSpecs.swift */; };
		41148A4D29FEFDD4002ACC2A /* CoreDataFeedStoreTests.swift in Sources */ = {isa = PBXBuildFile; fileRef = 41148A4C29FEFDD4002ACC2A /* CoreDataFeedStoreTests.swift */; };
		41148A4F29FEFF04002ACC2A /* CoreDataFeedStore.swift in Sources */ = {isa = PBXBuildFile; fileRef = 41148A4E29FEFF04002ACC2A /* CoreDataFeedStore.swift */; };
		41148A5229FF0C86002ACC2A /* FeedStore.xcdatamodeld in Sources */ = {isa = PBXBuildFile; fileRef = 41148A5029FF0C86002ACC2A /* FeedStore.xcdatamodeld */; };
		412D35EB2A046384008CFABE /* FeedCacheTestHelpers.swift in Sources */ = {isa = PBXBuildFile; fileRef = 41903CD029E74E0C009F1A41 /* FeedCacheTestHelpers.swift */; };
		412D35EC2A0463A8008CFABE /* SharedTestHelpers.swift in Sources */ = {isa = PBXBuildFile; fileRef = 41903CD229E74F1B009F1A41 /* SharedTestHelpers.swift */; };
		412D5E712A0D191D00994995 /* EssentialFeediOS.framework in Frameworks */ = {isa = PBXBuildFile; fileRef = 412D5E692A0D191B00994995 /* EssentialFeediOS.framework */; };
		412D5E7F2A0D5CE800994995 /* FeedViewControllerTests.swift in Sources */ = {isa = PBXBuildFile; fileRef = 412D5E7E2A0D5CE800994995 /* FeedViewControllerTests.swift */; };
		412D5E812A1280BA00994995 /* EssentialFeed.framework in Frameworks */ = {isa = PBXBuildFile; fileRef = 41A8482C259FC29800581967 /* EssentialFeed.framework */; platformFilter = ios; };
		412D5E822A1280BA00994995 /* EssentialFeed.framework in Embed Frameworks */ = {isa = PBXBuildFile; fileRef = 41A8482C259FC29800581967 /* EssentialFeed.framework */; platformFilter = ios; settings = {ATTRIBUTES = (CodeSignOnCopy, RemoveHeadersOnCopy, ); }; };
		412D5E862A14B60900994995 /* XCTestCase+MemoryLeakTracking.swift in Sources */ = {isa = PBXBuildFile; fileRef = 417BF4EA274DAF9000331FB0 /* XCTestCase+MemoryLeakTracking.swift */; };
		412D5E882A14C34200994995 /* FeedViewController.swift in Sources */ = {isa = PBXBuildFile; fileRef = 412D5E872A14C34100994995 /* FeedViewController.swift */; };
		413686502A27821A006740C9 /* UIImage+TestHelpers.swift in Sources */ = {isa = PBXBuildFile; fileRef = 4136864F2A27821A006740C9 /* UIImage+TestHelpers.swift */; };
		413686522A278320006740C9 /* UIRefreshControl+TestHelpers.swift .swift in Sources */ = {isa = PBXBuildFile; fileRef = 413686512A278320006740C9 /* UIRefreshControl+TestHelpers.swift .swift */; };
		413686542A2783B4006740C9 /* UIButton+TestHelpers.swift in Sources */ = {isa = PBXBuildFile; fileRef = 413686532A2783B4006740C9 /* UIButton+TestHelpers.swift */; };
		413686562A278453006740C9 /* UIControl+TestHelpers.swift in Sources */ = {isa = PBXBuildFile; fileRef = 413686552A278453006740C9 /* UIControl+TestHelpers.swift */; };
		413686582A2784F1006740C9 /* FeedViewController+TestHelpers.swift in Sources */ = {isa = PBXBuildFile; fileRef = 413686572A2784F1006740C9 /* FeedViewController+TestHelpers.swift */; };
		4136865A2A2786C4006740C9 /* FeedImageCell+TestHelpers.swift .swift in Sources */ = {isa = PBXBuildFile; fileRef = 413686592A2786C4006740C9 /* FeedImageCell+TestHelpers.swift .swift */; };
		4136865C2A278731006740C9 /* FeedViewControllerTests+LoaderSpy.swift .swift in Sources */ = {isa = PBXBuildFile; fileRef = 4136865B2A278731006740C9 /* FeedViewControllerTests+LoaderSpy.swift .swift */; };
		4136865E2A2787FB006740C9 /* FeedViewControllerTests+Assertions.swift in Sources */ = {isa = PBXBuildFile; fileRef = 4136865D2A2787FB006740C9 /* FeedViewControllerTests+Assertions.swift */; };
		413686602A2BBA26006740C9 /* FeedImageCellController.swift in Sources */ = {isa = PBXBuildFile; fileRef = 4136865F2A2BBA26006740C9 /* FeedImageCellController.swift */; };
		413686632A2BBE3C006740C9 /* FeedUIComposer.swift in Sources */ = {isa = PBXBuildFile; fileRef = 413686622A2BBE3B006740C9 /* FeedUIComposer.swift */; };
		413B5C9129EDFAED0052D9DD /* FeedCachePolicy.swift in Sources */ = {isa = PBXBuildFile; fileRef = 413B5C9029EDFAED0052D9DD /* FeedCachePolicy.swift */; };
		41456E5B2A1B9697003AAC40 /* FeedImageCell.swift in Sources */ = {isa = PBXBuildFile; fileRef = 41456E5A2A1B9697003AAC40 /* FeedImageCell.swift */; };
		415833BA2A27718000DD63BA /* FeedImageDataLoader.swift in Sources */ = {isa = PBXBuildFile; fileRef = 415833B92A27718000DD63BA /* FeedImageDataLoader.swift */; };
		4174FBEE25CDAF9F005A5A6C /* RemoteFeedLoader.swift in Sources */ = {isa = PBXBuildFile; fileRef = 4174FBED25CDAF9F005A5A6C /* RemoteFeedLoader.swift */; };
		417B359625A0C04000DD61FF /* LoadFeedFromRemoteUseCaseTests.swift in Sources */ = {isa = PBXBuildFile; fileRef = 417B359525A0C04000DD61FF /* LoadFeedFromRemoteUseCaseTests.swift */; };
		417BF4E3274A431500331FB0 /* HTTPClient.swift in Sources */ = {isa = PBXBuildFile; fileRef = 417BF4E2274A431400331FB0 /* HTTPClient.swift */; };
		417BF4E5274A43BE00331FB0 /* FeedItemsMapper.swift in Sources */ = {isa = PBXBuildFile; fileRef = 417BF4E4274A43BE00331FB0 /* FeedItemsMapper.swift */; };
		417BF4E8274CDC6800331FB0 /* URLSessionHTTPClientTests.swift in Sources */ = {isa = PBXBuildFile; fileRef = 417BF4E7274CDC6800331FB0 /* URLSessionHTTPClientTests.swift */; };
		417BF4EB274DAF9000331FB0 /* XCTestCase+MemoryLeakTracking.swift in Sources */ = {isa = PBXBuildFile; fileRef = 417BF4EA274DAF9000331FB0 /* XCTestCase+MemoryLeakTracking.swift */; };
		417BF4ED274E6AEB00331FB0 /* URLSessionHTTPClient.swift in Sources */ = {isa = PBXBuildFile; fileRef = 417BF4EC274E6AEB00331FB0 /* URLSessionHTTPClient.swift */; };
		417BF4F5274E7D9000331FB0 /* EssentialFeedAPIEndToEndTests.swift in Sources */ = {isa = PBXBuildFile; fileRef = 417BF4F4274E7D9000331FB0 /* EssentialFeedAPIEndToEndTests.swift */; };
		417BF4F7274E7D9000331FB0 /* EssentialFeed.framework in Frameworks */ = {isa = PBXBuildFile; fileRef = 41A8482C259FC29800581967 /* EssentialFeed.framework */; };
		417BF4FD274E895A00331FB0 /* XCTestCase+MemoryLeakTracking.swift in Sources */ = {isa = PBXBuildFile; fileRef = 417BF4EA274DAF9000331FB0 /* XCTestCase+MemoryLeakTracking.swift */; };
		41903CC229DBAF85009F1A41 /* LocalFeedLoader.swift in Sources */ = {isa = PBXBuildFile; fileRef = 41903CC129DBAF85009F1A41 /* LocalFeedLoader.swift */; };
		41903CC429DBB038009F1A41 /* FeedStore.swift in Sources */ = {isa = PBXBuildFile; fileRef = 41903CC329DBB038009F1A41 /* FeedStore.swift */; };
		41903CC629DCC71C009F1A41 /* RemoteFeedItem.swift in Sources */ = {isa = PBXBuildFile; fileRef = 41903CC529DCC71C009F1A41 /* RemoteFeedItem.swift */; };
		41903CC829DCC7C6009F1A41 /* LocalFeedImage.swift in Sources */ = {isa = PBXBuildFile; fileRef = 41903CC729DCC7C6009F1A41 /* LocalFeedImage.swift */; };
		41903CCA29DE0F8F009F1A41 /* LoadFeedFromCacheUseCaseTests.swift in Sources */ = {isa = PBXBuildFile; fileRef = 41903CC929DE0F8F009F1A41 /* LoadFeedFromCacheUseCaseTests.swift */; };
		41903CCD29DE118A009F1A41 /* FeedStoreSpy.swift in Sources */ = {isa = PBXBuildFile; fileRef = 41903CCC29DE118A009F1A41 /* FeedStoreSpy.swift */; };
		41903CCF29E74698009F1A41 /* ValidateFeedCacheUseCaseTests.swift in Sources */ = {isa = PBXBuildFile; fileRef = 41903CCE29E74698009F1A41 /* ValidateFeedCacheUseCaseTests.swift */; };
		41903CD129E74E0D009F1A41 /* FeedCacheTestHelpers.swift in Sources */ = {isa = PBXBuildFile; fileRef = 41903CD029E74E0C009F1A41 /* FeedCacheTestHelpers.swift */; };
		41903CD329E74F1B009F1A41 /* SharedTestHelpers.swift in Sources */ = {isa = PBXBuildFile; fileRef = 41903CD229E74F1B009F1A41 /* SharedTestHelpers.swift */; };
		41A416582A2F946100065F8F /* FeedImageViewModel.swift in Sources */ = {isa = PBXBuildFile; fileRef = 41A416572A2F946100065F8F /* FeedImageViewModel.swift */; };
		41A4165A2A32640A00065F8F /* FeedPresenter.swift in Sources */ = {isa = PBXBuildFile; fileRef = 41A416592A32640A00065F8F /* FeedPresenter.swift */; };
		41A4165C2A33623000065F8F /* FeedImagePresenter.swift in Sources */ = {isa = PBXBuildFile; fileRef = 41A4165B2A33622F00065F8F /* FeedImagePresenter.swift */; };
		41A4165E2A34B7BC00065F8F /* FeedLoadingViewModel.swift in Sources */ = {isa = PBXBuildFile; fileRef = 41A4165D2A34B7BC00065F8F /* FeedLoadingViewModel.swift */; };
		41A416602A34B7FE00065F8F /* FeedViewModel.swift in Sources */ = {isa = PBXBuildFile; fileRef = 41A4165F2A34B7FE00065F8F /* FeedViewModel.swift */; };
		41A416622A34B8C100065F8F /* Feed.storyboard in Resources */ = {isa = PBXBuildFile; fileRef = 41A416612A34B8C100065F8F /* Feed.storyboard */; };
		41A416642A34B93700065F8F /* Feed.xcassets in Resources */ = {isa = PBXBuildFile; fileRef = 41A416632A34B93700065F8F /* Feed.xcassets */; };
		41A84836259FC29900581967 /* EssentialFeed.framework in Frameworks */ = {isa = PBXBuildFile; fileRef = 41A8482C259FC29800581967 /* EssentialFeed.framework */; };
		41A8483B259FC29900581967 /* EssentialFeedTests.swift in Sources */ = {isa = PBXBuildFile; fileRef = 41A8483A259FC29900581967 /* EssentialFeedTests.swift */; };
		41A8483D259FC29900581967 /* EssentialFeed.h in Headers */ = {isa = PBXBuildFile; fileRef = 41A8482F259FC29800581967 /* EssentialFeed.h */; settings = {ATTRIBUTES = (Public, ); }; };
		41A84849259FC2D900581967 /* FeedImage.swift in Sources */ = {isa = PBXBuildFile; fileRef = 41A84848259FC2D900581967 /* FeedImage.swift */; };
		41A8484D259FC3C000581967 /* FeedLoader.swift in Sources */ = {isa = PBXBuildFile; fileRef = 41A8484C259FC3C000581967 /* FeedLoader.swift */; };
		41AD3B7B2A1F8D240012C5C7 /* UIView+Shimmering.swift in Sources */ = {isa = PBXBuildFile; fileRef = 41AD3B7A2A1F8D240012C5C7 /* UIView+Shimmering.swift */; };
		41FB94DF2783A0E900851B0B /* CacheFeedUseCaseTests.swift in Sources */ = {isa = PBXBuildFile; fileRef = 41FB94DE2783A0E900851B0B /* CacheFeedUseCaseTests.swift */; };
/* End PBXBuildFile section */

/* Begin PBXContainerItemProxy section */
		410938222A02B12A00061AD5 /* PBXContainerItemProxy */ = {
			isa = PBXContainerItemProxy;
			containerPortal = 41A84823259FC29800581967 /* Project object */;
			proxyType = 1;
			remoteGlobalIDString = 41A8482B259FC29800581967;
			remoteInfo = EssentialFeed;
		};
		412D5E722A0D191D00994995 /* PBXContainerItemProxy */ = {
			isa = PBXContainerItemProxy;
			containerPortal = 41A84823259FC29800581967 /* Project object */;
			proxyType = 1;
			remoteGlobalIDString = 412D5E682A0D191B00994995;
			remoteInfo = EssentialFeediOS;
		};
		412D5E832A1280BA00994995 /* PBXContainerItemProxy */ = {
			isa = PBXContainerItemProxy;
			containerPortal = 41A84823259FC29800581967 /* Project object */;
			proxyType = 1;
			remoteGlobalIDString = 41A8482B259FC29800581967;
			remoteInfo = EssentialFeed;
		};
		417BF4F8274E7D9000331FB0 /* PBXContainerItemProxy */ = {
			isa = PBXContainerItemProxy;
			containerPortal = 41A84823259FC29800581967 /* Project object */;
			proxyType = 1;
			remoteGlobalIDString = 41A8482B259FC29800581967;
			remoteInfo = EssentialFeed;
		};
		41A84837259FC29900581967 /* PBXContainerItemProxy */ = {
			isa = PBXContainerItemProxy;
			containerPortal = 41A84823259FC29800581967 /* Project object */;
			proxyType = 1;
			remoteGlobalIDString = 41A8482B259FC29800581967;
			remoteInfo = EssentialFeed;
		};
/* End PBXContainerItemProxy section */

/* Begin PBXCopyFilesBuildPhase section */
		412D5E852A1280BB00994995 /* Embed Frameworks */ = {
			isa = PBXCopyFilesBuildPhase;
			buildActionMask = 2147483647;
			dstPath = "";
			dstSubfolderSpec = 10;
			files = (
				412D5E822A1280BA00994995 /* EssentialFeed.framework in Embed Frameworks */,
			);
			name = "Embed Frameworks";
			runOnlyForDeploymentPostprocessing = 0;
		};
/* End PBXCopyFilesBuildPhase section */

/* Begin PBXFileReference section */
		4109381329FFBCFB00061AD5 /* CoreDataHelpers.swift */ = {isa = PBXFileReference; lastKnownFileType = sourcecode.swift; path = CoreDataHelpers.swift; sourceTree = "<group>"; };
		4109381529FFBDFF00061AD5 /* ManagedCache.swift */ = {isa = PBXFileReference; lastKnownFileType = sourcecode.swift; path = ManagedCache.swift; sourceTree = "<group>"; };
		4109381729FFBE2100061AD5 /* ManagedFeedImage.swift */ = {isa = PBXFileReference; lastKnownFileType = sourcecode.swift; path = ManagedFeedImage.swift; sourceTree = "<group>"; };
		4109381D2A02B12A00061AD5 /* EssentialFeedCacheIntegrationTests.xctest */ = {isa = PBXFileReference; explicitFileType = wrapper.cfbundle; includeInIndex = 0; path = EssentialFeedCacheIntegrationTests.xctest; sourceTree = BUILT_PRODUCTS_DIR; };
		4109381F2A02B12A00061AD5 /* EssentialFeedCacheIntegrationTests.swift */ = {isa = PBXFileReference; lastKnownFileType = sourcecode.swift; path = EssentialFeedCacheIntegrationTests.swift; sourceTree = "<group>"; };
		41148A4129FEAE48002ACC2A /* FeedStoreSpecs.swift */ = {isa = PBXFileReference; lastKnownFileType = sourcecode.swift; path = FeedStoreSpecs.swift; sourceTree = "<group>"; };
		41148A4329FEAF89002ACC2A /* XCTestCase+FeedStoreSpecs.swift */ = {isa = PBXFileReference; lastKnownFileType = sourcecode.swift; path = "XCTestCase+FeedStoreSpecs.swift"; sourceTree = "<group>"; };
		41148A4529FEB573002ACC2A /* XCTestCase+FailableRetrieveFeedStoreSpecs.swift */ = {isa = PBXFileReference; lastKnownFileType = sourcecode.swift; path = "XCTestCase+FailableRetrieveFeedStoreSpecs.swift"; sourceTree = "<group>"; };
		41148A4729FEB6D0002ACC2A /* XCTestCase+FailableInsertFeedStoreSpecs.swift */ = {isa = PBXFileReference; lastKnownFileType = sourcecode.swift; path = "XCTestCase+FailableInsertFeedStoreSpecs.swift"; sourceTree = "<group>"; };
		41148A4929FEB784002ACC2A /* XCTestCase+FailableDeleteFeedStoreSpecs.swift */ = {isa = PBXFileReference; lastKnownFileType = sourcecode.swift; path = "XCTestCase+FailableDeleteFeedStoreSpecs.swift"; sourceTree = "<group>"; };
		41148A4C29FEFDD4002ACC2A /* CoreDataFeedStoreTests.swift */ = {isa = PBXFileReference; lastKnownFileType = sourcecode.swift; path = CoreDataFeedStoreTests.swift; sourceTree = "<group>"; };
		41148A4E29FEFF04002ACC2A /* CoreDataFeedStore.swift */ = {isa = PBXFileReference; lastKnownFileType = sourcecode.swift; path = CoreDataFeedStore.swift; sourceTree = "<group>"; };
		41148A5129FF0C86002ACC2A /* FeedStore.xcdatamodel */ = {isa = PBXFileReference; lastKnownFileType = wrapper.xcdatamodel; path = FeedStore.xcdatamodel; sourceTree = "<group>"; };
		412D5E692A0D191B00994995 /* EssentialFeediOS.framework */ = {isa = PBXFileReference; explicitFileType = wrapper.framework; includeInIndex = 0; path = EssentialFeediOS.framework; sourceTree = BUILT_PRODUCTS_DIR; };
		412D5E702A0D191C00994995 /* EssentialFeediOSTests.xctest */ = {isa = PBXFileReference; explicitFileType = wrapper.cfbundle; includeInIndex = 0; path = EssentialFeediOSTests.xctest; sourceTree = BUILT_PRODUCTS_DIR; };
		412D5E7E2A0D5CE800994995 /* FeedViewControllerTests.swift */ = {isa = PBXFileReference; lastKnownFileType = sourcecode.swift; path = FeedViewControllerTests.swift; sourceTree = "<group>"; };
		412D5E872A14C34100994995 /* FeedViewController.swift */ = {isa = PBXFileReference; lastKnownFileType = sourcecode.swift; path = FeedViewController.swift; sourceTree = "<group>"; };
		4136864F2A27821A006740C9 /* UIImage+TestHelpers.swift */ = {isa = PBXFileReference; lastKnownFileType = sourcecode.swift; path = "UIImage+TestHelpers.swift"; sourceTree = "<group>"; };
		413686512A278320006740C9 /* UIRefreshControl+TestHelpers.swift .swift */ = {isa = PBXFileReference; lastKnownFileType = sourcecode.swift; path = "UIRefreshControl+TestHelpers.swift .swift"; sourceTree = "<group>"; };
		413686532A2783B4006740C9 /* UIButton+TestHelpers.swift */ = {isa = PBXFileReference; lastKnownFileType = sourcecode.swift; path = "UIButton+TestHelpers.swift"; sourceTree = "<group>"; };
		413686552A278453006740C9 /* UIControl+TestHelpers.swift */ = {isa = PBXFileReference; lastKnownFileType = sourcecode.swift; path = "UIControl+TestHelpers.swift"; sourceTree = "<group>"; };
		413686572A2784F1006740C9 /* FeedViewController+TestHelpers.swift */ = {isa = PBXFileReference; lastKnownFileType = sourcecode.swift; path = "FeedViewController+TestHelpers.swift"; sourceTree = "<group>"; };
		413686592A2786C4006740C9 /* FeedImageCell+TestHelpers.swift .swift */ = {isa = PBXFileReference; lastKnownFileType = sourcecode.swift; path = "FeedImageCell+TestHelpers.swift .swift"; sourceTree = "<group>"; };
		4136865B2A278731006740C9 /* FeedViewControllerTests+LoaderSpy.swift .swift */ = {isa = PBXFileReference; lastKnownFileType = sourcecode.swift; path = "FeedViewControllerTests+LoaderSpy.swift .swift"; sourceTree = "<group>"; };
		4136865D2A2787FB006740C9 /* FeedViewControllerTests+Assertions.swift */ = {isa = PBXFileReference; lastKnownFileType = sourcecode.swift; path = "FeedViewControllerTests+Assertions.swift"; sourceTree = "<group>"; };
		4136865F2A2BBA26006740C9 /* FeedImageCellController.swift */ = {isa = PBXFileReference; lastKnownFileType = sourcecode.swift; path = FeedImageCellController.swift; sourceTree = "<group>"; };
		413686622A2BBE3B006740C9 /* FeedUIComposer.swift */ = {isa = PBXFileReference; lastKnownFileType = sourcecode.swift; path = FeedUIComposer.swift; sourceTree = "<group>"; };
		413B5C9029EDFAED0052D9DD /* FeedCachePolicy.swift */ = {isa = PBXFileReference; lastKnownFileType = sourcecode.swift; path = FeedCachePolicy.swift; sourceTree = "<group>"; };
		41456E5A2A1B9697003AAC40 /* FeedImageCell.swift */ = {isa = PBXFileReference; lastKnownFileType = sourcecode.swift; path = FeedImageCell.swift; sourceTree = "<group>"; };
		415833B92A27718000DD63BA /* FeedImageDataLoader.swift */ = {isa = PBXFileReference; lastKnownFileType = sourcecode.swift; path = FeedImageDataLoader.swift; sourceTree = "<group>"; };
		4174FBED25CDAF9F005A5A6C /* RemoteFeedLoader.swift */ = {isa = PBXFileReference; lastKnownFileType = sourcecode.swift; path = RemoteFeedLoader.swift; sourceTree = "<group>"; };
		417B359525A0C04000DD61FF /* LoadFeedFromRemoteUseCaseTests.swift */ = {isa = PBXFileReference; lastKnownFileType = sourcecode.swift; path = LoadFeedFromRemoteUseCaseTests.swift; sourceTree = "<group>"; };
		417BF4E2274A431400331FB0 /* HTTPClient.swift */ = {isa = PBXFileReference; lastKnownFileType = sourcecode.swift; path = HTTPClient.swift; sourceTree = "<group>"; };
		417BF4E4274A43BE00331FB0 /* FeedItemsMapper.swift */ = {isa = PBXFileReference; lastKnownFileType = sourcecode.swift; path = FeedItemsMapper.swift; sourceTree = "<group>"; };
		417BF4E7274CDC6800331FB0 /* URLSessionHTTPClientTests.swift */ = {isa = PBXFileReference; lastKnownFileType = sourcecode.swift; path = URLSessionHTTPClientTests.swift; sourceTree = "<group>"; };
		417BF4EA274DAF9000331FB0 /* XCTestCase+MemoryLeakTracking.swift */ = {isa = PBXFileReference; lastKnownFileType = sourcecode.swift; path = "XCTestCase+MemoryLeakTracking.swift"; sourceTree = "<group>"; };
		417BF4EC274E6AEB00331FB0 /* URLSessionHTTPClient.swift */ = {isa = PBXFileReference; lastKnownFileType = sourcecode.swift; path = URLSessionHTTPClient.swift; sourceTree = "<group>"; };
		417BF4F2274E7D9000331FB0 /* EssentialFeedAPIEndToEndTests.xctest */ = {isa = PBXFileReference; explicitFileType = wrapper.cfbundle; includeInIndex = 0; path = EssentialFeedAPIEndToEndTests.xctest; sourceTree = BUILT_PRODUCTS_DIR; };
		417BF4F4274E7D9000331FB0 /* EssentialFeedAPIEndToEndTests.swift */ = {isa = PBXFileReference; lastKnownFileType = sourcecode.swift; path = EssentialFeedAPIEndToEndTests.swift; sourceTree = "<group>"; };
		417BF4F6274E7D9000331FB0 /* Info.plist */ = {isa = PBXFileReference; lastKnownFileType = text.plist.xml; path = Info.plist; sourceTree = "<group>"; };
		41903CC129DBAF85009F1A41 /* LocalFeedLoader.swift */ = {isa = PBXFileReference; lastKnownFileType = sourcecode.swift; path = LocalFeedLoader.swift; sourceTree = "<group>"; };
		41903CC329DBB038009F1A41 /* FeedStore.swift */ = {isa = PBXFileReference; lastKnownFileType = sourcecode.swift; path = FeedStore.swift; sourceTree = "<group>"; };
		41903CC529DCC71C009F1A41 /* RemoteFeedItem.swift */ = {isa = PBXFileReference; lastKnownFileType = sourcecode.swift; path = RemoteFeedItem.swift; sourceTree = "<group>"; };
		41903CC729DCC7C6009F1A41 /* LocalFeedImage.swift */ = {isa = PBXFileReference; lastKnownFileType = sourcecode.swift; path = LocalFeedImage.swift; sourceTree = "<group>"; };
		41903CC929DE0F8F009F1A41 /* LoadFeedFromCacheUseCaseTests.swift */ = {isa = PBXFileReference; lastKnownFileType = sourcecode.swift; path = LoadFeedFromCacheUseCaseTests.swift; sourceTree = "<group>"; };
		41903CCC29DE118A009F1A41 /* FeedStoreSpy.swift */ = {isa = PBXFileReference; lastKnownFileType = sourcecode.swift; path = FeedStoreSpy.swift; sourceTree = "<group>"; };
		41903CCE29E74698009F1A41 /* ValidateFeedCacheUseCaseTests.swift */ = {isa = PBXFileReference; lastKnownFileType = sourcecode.swift; path = ValidateFeedCacheUseCaseTests.swift; sourceTree = "<group>"; };
		41903CD029E74E0C009F1A41 /* FeedCacheTestHelpers.swift */ = {isa = PBXFileReference; lastKnownFileType = sourcecode.swift; path = FeedCacheTestHelpers.swift; sourceTree = "<group>"; };
		41903CD229E74F1B009F1A41 /* SharedTestHelpers.swift */ = {isa = PBXFileReference; lastKnownFileType = sourcecode.swift; path = SharedTestHelpers.swift; sourceTree = "<group>"; };
		41A416572A2F946100065F8F /* FeedImageViewModel.swift */ = {isa = PBXFileReference; lastKnownFileType = sourcecode.swift; path = FeedImageViewModel.swift; sourceTree = "<group>"; };
		41A416592A32640A00065F8F /* FeedPresenter.swift */ = {isa = PBXFileReference; lastKnownFileType = sourcecode.swift; path = FeedPresenter.swift; sourceTree = "<group>"; };
		41A4165B2A33622F00065F8F /* FeedImagePresenter.swift */ = {isa = PBXFileReference; lastKnownFileType = sourcecode.swift; path = FeedImagePresenter.swift; sourceTree = "<group>"; };
		41A4165D2A34B7BC00065F8F /* FeedLoadingViewModel.swift */ = {isa = PBXFileReference; lastKnownFileType = sourcecode.swift; path = FeedLoadingViewModel.swift; sourceTree = "<group>"; };
		41A4165F2A34B7FE00065F8F /* FeedViewModel.swift */ = {isa = PBXFileReference; lastKnownFileType = sourcecode.swift; path = FeedViewModel.swift; sourceTree = "<group>"; };
		41A416612A34B8C100065F8F /* Feed.storyboard */ = {isa = PBXFileReference; lastKnownFileType = file.storyboard; path = Feed.storyboard; sourceTree = "<group>"; };
		41A416632A34B93700065F8F /* Feed.xcassets */ = {isa = PBXFileReference; lastKnownFileType = folder.assetcatalog; path = Feed.xcassets; sourceTree = "<group>"; };
		41A8482C259FC29800581967 /* EssentialFeed.framework */ = {isa = PBXFileReference; explicitFileType = wrapper.framework; includeInIndex = 0; path = EssentialFeed.framework; sourceTree = BUILT_PRODUCTS_DIR; };
		41A8482F259FC29800581967 /* EssentialFeed.h */ = {isa = PBXFileReference; lastKnownFileType = sourcecode.c.h; path = EssentialFeed.h; sourceTree = "<group>"; };
		41A84830259FC29800581967 /* Info.plist */ = {isa = PBXFileReference; lastKnownFileType = text.plist.xml; path = Info.plist; sourceTree = "<group>"; };
		41A84835259FC29900581967 /* EssentialFeedTests.xctest */ = {isa = PBXFileReference; explicitFileType = wrapper.cfbundle; includeInIndex = 0; path = EssentialFeedTests.xctest; sourceTree = BUILT_PRODUCTS_DIR; };
		41A8483A259FC29900581967 /* EssentialFeedTests.swift */ = {isa = PBXFileReference; lastKnownFileType = sourcecode.swift; path = EssentialFeedTests.swift; sourceTree = "<group>"; };
		41A8483C259FC29900581967 /* Info.plist */ = {isa = PBXFileReference; lastKnownFileType = text.plist.xml; path = Info.plist; sourceTree = "<group>"; };
		41A84848259FC2D900581967 /* FeedImage.swift */ = {isa = PBXFileReference; lastKnownFileType = sourcecode.swift; path = FeedImage.swift; sourceTree = "<group>"; };
		41A8484C259FC3C000581967 /* FeedLoader.swift */ = {isa = PBXFileReference; lastKnownFileType = sourcecode.swift; path = FeedLoader.swift; sourceTree = "<group>"; };
		41AD3B7A2A1F8D240012C5C7 /* UIView+Shimmering.swift */ = {isa = PBXFileReference; lastKnownFileType = sourcecode.swift; path = "UIView+Shimmering.swift"; sourceTree = "<group>"; };
		41FB94DE2783A0E900851B0B /* CacheFeedUseCaseTests.swift */ = {isa = PBXFileReference; lastKnownFileType = sourcecode.swift; path = CacheFeedUseCaseTests.swift; sourceTree = "<group>"; };
/* End PBXFileReference section */

/* Begin PBXFrameworksBuildPhase section */
		4109381A2A02B12A00061AD5 /* Frameworks */ = {
			isa = PBXFrameworksBuildPhase;
			buildActionMask = 2147483647;
			files = (
				410938212A02B12A00061AD5 /* EssentialFeed.framework in Frameworks */,
			);
			runOnlyForDeploymentPostprocessing = 0;
		};
		412D5E662A0D191B00994995 /* Frameworks */ = {
			isa = PBXFrameworksBuildPhase;
			buildActionMask = 2147483647;
			files = (
				412D5E812A1280BA00994995 /* EssentialFeed.framework in Frameworks */,
			);
			runOnlyForDeploymentPostprocessing = 0;
		};
		412D5E6D2A0D191C00994995 /* Frameworks */ = {
			isa = PBXFrameworksBuildPhase;
			buildActionMask = 2147483647;
			files = (
				412D5E712A0D191D00994995 /* EssentialFeediOS.framework in Frameworks */,
			);
			runOnlyForDeploymentPostprocessing = 0;
		};
		417BF4EF274E7D9000331FB0 /* Frameworks */ = {
			isa = PBXFrameworksBuildPhase;
			buildActionMask = 2147483647;
			files = (
				417BF4F7274E7D9000331FB0 /* EssentialFeed.framework in Frameworks */,
			);
			runOnlyForDeploymentPostprocessing = 0;
		};
		41A84829259FC29800581967 /* Frameworks */ = {
			isa = PBXFrameworksBuildPhase;
			buildActionMask = 2147483647;
			files = (
			);
			runOnlyForDeploymentPostprocessing = 0;
		};
		41A84832259FC29900581967 /* Frameworks */ = {
			isa = PBXFrameworksBuildPhase;
			buildActionMask = 2147483647;
			files = (
				41A84836259FC29900581967 /* EssentialFeed.framework in Frameworks */,
			);
			runOnlyForDeploymentPostprocessing = 0;
		};
/* End PBXFrameworksBuildPhase section */

/* Begin PBXGroup section */
		4109381229FFBCBE00061AD5 /* CoreData */ = {
			isa = PBXGroup;
			children = (
				41148A5029FF0C86002ACC2A /* FeedStore.xcdatamodeld */,
				41148A4E29FEFF04002ACC2A /* CoreDataFeedStore.swift */,
				4109381329FFBCFB00061AD5 /* CoreDataHelpers.swift */,
				4109381529FFBDFF00061AD5 /* ManagedCache.swift */,
				4109381729FFBE2100061AD5 /* ManagedFeedImage.swift */,
			);
			path = CoreData;
			sourceTree = "<group>";
		};
		4109381E2A02B12A00061AD5 /* EssentialFeedCacheIntegrationTests */ = {
			isa = PBXGroup;
			children = (
				4109381F2A02B12A00061AD5 /* EssentialFeedCacheIntegrationTests.swift */,
			);
			path = EssentialFeedCacheIntegrationTests;
			sourceTree = "<group>";
		};
		41148A4B29FEB850002ACC2A /* FeedStoreSpecs */ = {
			isa = PBXGroup;
			children = (
				41148A4129FEAE48002ACC2A /* FeedStoreSpecs.swift */,
				41148A4329FEAF89002ACC2A /* XCTestCase+FeedStoreSpecs.swift */,
				41148A4529FEB573002ACC2A /* XCTestCase+FailableRetrieveFeedStoreSpecs.swift */,
				41148A4729FEB6D0002ACC2A /* XCTestCase+FailableInsertFeedStoreSpecs.swift */,
				41148A4929FEB784002ACC2A /* XCTestCase+FailableDeleteFeedStoreSpecs.swift */,
			);
			path = FeedStoreSpecs;
			sourceTree = "<group>";
		};
		41148A5329FFB93D002ACC2A /* Infrastructure */ = {
			isa = PBXGroup;
			children = (
				4109381229FFBCBE00061AD5 /* CoreData */,
			);
			path = Infrastructure;
			sourceTree = "<group>";
		};
		412D5E6A2A0D191B00994995 /* EssentialFeediOS */ = {
			isa = PBXGroup;
			children = (
				415833B82A27716300DD63BA /* Feed Image Loader */,
				415ED66E2A2F5D2600C8F666 /* Feed Presentation */,
				415833B52A2770EC00DD63BA /* Feed UI */,
			);
			path = EssentialFeediOS;
			sourceTree = "<group>";
		};
		412D5E742A0D191D00994995 /* EssentialFeediOSTests */ = {
			isa = PBXGroup;
			children = (
				4136864E2A278209006740C9 /* Helpers */,
				412D5E7E2A0D5CE800994995 /* FeedViewControllerTests.swift */,
			);
			path = EssentialFeediOSTests;
			sourceTree = "<group>";
		};
		412D5E802A1280BA00994995 /* Frameworks */ = {
			isa = PBXGroup;
			children = (
			);
			name = Frameworks;
			sourceTree = "<group>";
		};
		4136864E2A278209006740C9 /* Helpers */ = {
			isa = PBXGroup;
			children = (
				4136864F2A27821A006740C9 /* UIImage+TestHelpers.swift */,
				413686512A278320006740C9 /* UIRefreshControl+TestHelpers.swift .swift */,
				413686532A2783B4006740C9 /* UIButton+TestHelpers.swift */,
				413686552A278453006740C9 /* UIControl+TestHelpers.swift */,
				413686572A2784F1006740C9 /* FeedViewController+TestHelpers.swift */,
				413686592A2786C4006740C9 /* FeedImageCell+TestHelpers.swift .swift */,
				4136865B2A278731006740C9 /* FeedViewControllerTests+LoaderSpy.swift .swift */,
				4136865D2A2787FB006740C9 /* FeedViewControllerTests+Assertions.swift */,
			);
			path = Helpers;
			sourceTree = "<group>";
		};
		413686612A2BBE20006740C9 /* Composers */ = {
			isa = PBXGroup;
			children = (
				413686622A2BBE3B006740C9 /* FeedUIComposer.swift */,
			);
			path = Composers;
			sourceTree = "<group>";
		};
		415833B52A2770EC00DD63BA /* Feed UI */ = {
			isa = PBXGroup;
			children = (
				413686612A2BBE20006740C9 /* Composers */,
				415833B62A2770FD00DD63BA /* Controllers */,
				415833B72A27711100DD63BA /* Views */,
			);
			path = "Feed UI";
			sourceTree = "<group>";
		};
		415833B62A2770FD00DD63BA /* Controllers */ = {
			isa = PBXGroup;
			children = (
				412D5E872A14C34100994995 /* FeedViewController.swift */,
				4136865F2A2BBA26006740C9 /* FeedImageCellController.swift */,
			);
			path = Controllers;
			sourceTree = "<group>";
		};
		415833B72A27711100DD63BA /* Views */ = {
			isa = PBXGroup;
			children = (
				41456E5A2A1B9697003AAC40 /* FeedImageCell.swift */,
				41AD3B7A2A1F8D240012C5C7 /* UIView+Shimmering.swift */,
				41A416612A34B8C100065F8F /* Feed.storyboard */,
				41A416632A34B93700065F8F /* Feed.xcassets */,
			);
			path = Views;
			sourceTree = "<group>";
		};
		415833B82A27716300DD63BA /* Feed Image Loader */ = {
			isa = PBXGroup;
			children = (
				415833B92A27718000DD63BA /* FeedImageDataLoader.swift */,
			);
			path = "Feed Image Loader";
			sourceTree = "<group>";
		};
		415ED66E2A2F5D2600C8F666 /* Feed Presentation */ = {
			isa = PBXGroup;
			children = (
				41A416592A32640A00065F8F /* FeedPresenter.swift */,
				41A416572A2F946100065F8F /* FeedImageViewModel.swift */,
				41A4165B2A33622F00065F8F /* FeedImagePresenter.swift */,
				41A4165D2A34B7BC00065F8F /* FeedLoadingViewModel.swift */,
				41A4165F2A34B7FE00065F8F /* FeedViewModel.swift */,
			);
			path = "Feed Presentation";
			sourceTree = "<group>";
		};
		4174FBEC25CDAF5E005A5A6C /* Feed API */ = {
			isa = PBXGroup;
			children = (
				4174FBED25CDAF9F005A5A6C /* RemoteFeedLoader.swift */,
				417BF4E2274A431400331FB0 /* HTTPClient.swift */,
				417BF4E4274A43BE00331FB0 /* FeedItemsMapper.swift */,
				417BF4EC274E6AEB00331FB0 /* URLSessionHTTPClient.swift */,
				41903CC529DCC71C009F1A41 /* RemoteFeedItem.swift */,
			);
			path = "Feed API";
			sourceTree = "<group>";
		};
		417BF4E6274A4EAE00331FB0 /* Feed API */ = {
			isa = PBXGroup;
			children = (
				417B359525A0C04000DD61FF /* LoadFeedFromRemoteUseCaseTests.swift */,
				417BF4E7274CDC6800331FB0 /* URLSessionHTTPClientTests.swift */,
			);
			path = "Feed API";
			sourceTree = "<group>";
		};
		417BF4E9274DAF5B00331FB0 /* Helper */ = {
			isa = PBXGroup;
			children = (
				417BF4EA274DAF9000331FB0 /* XCTestCase+MemoryLeakTracking.swift */,
				41903CD229E74F1B009F1A41 /* SharedTestHelpers.swift */,
			);
			path = Helper;
			sourceTree = "<group>";
		};
		417BF4F3274E7D9000331FB0 /* EssentialFeedAPIEndToEndTests */ = {
			isa = PBXGroup;
			children = (
				417BF4F4274E7D9000331FB0 /* EssentialFeedAPIEndToEndTests.swift */,
				417BF4F6274E7D9000331FB0 /* Info.plist */,
			);
			path = EssentialFeedAPIEndToEndTests;
			sourceTree = "<group>";
		};
		41903CC029DBAF53009F1A41 /* Feed Cache */ = {
			isa = PBXGroup;
			children = (
				41148A5329FFB93D002ACC2A /* Infrastructure */,
				41903CC129DBAF85009F1A41 /* LocalFeedLoader.swift */,
				41903CC329DBB038009F1A41 /* FeedStore.swift */,
				41903CC729DCC7C6009F1A41 /* LocalFeedImage.swift */,
				413B5C9029EDFAED0052D9DD /* FeedCachePolicy.swift */,
			);
			path = "Feed Cache";
			sourceTree = "<group>";
		};
		41903CCB29DE116E009F1A41 /* Helpers */ = {
			isa = PBXGroup;
			children = (
				41903CCC29DE118A009F1A41 /* FeedStoreSpy.swift */,
				41903CD029E74E0C009F1A41 /* FeedCacheTestHelpers.swift */,
			);
			path = Helpers;
			sourceTree = "<group>";
		};
		41A84822259FC29800581967 = {
			isa = PBXGroup;
			children = (
				41A8482E259FC29800581967 /* EssentialFeed */,
				41A84839259FC29900581967 /* EssentialFeedTests */,
				417BF4F3274E7D9000331FB0 /* EssentialFeedAPIEndToEndTests */,
				4109381E2A02B12A00061AD5 /* EssentialFeedCacheIntegrationTests */,
				412D5E6A2A0D191B00994995 /* EssentialFeediOS */,
				412D5E742A0D191D00994995 /* EssentialFeediOSTests */,
				41A8482D259FC29800581967 /* Products */,
				412D5E802A1280BA00994995 /* Frameworks */,
			);
			sourceTree = "<group>";
		};
		41A8482D259FC29800581967 /* Products */ = {
			isa = PBXGroup;
			children = (
				41A8482C259FC29800581967 /* EssentialFeed.framework */,
				41A84835259FC29900581967 /* EssentialFeedTests.xctest */,
				417BF4F2274E7D9000331FB0 /* EssentialFeedAPIEndToEndTests.xctest */,
				4109381D2A02B12A00061AD5 /* EssentialFeedCacheIntegrationTests.xctest */,
				412D5E692A0D191B00994995 /* EssentialFeediOS.framework */,
				412D5E702A0D191C00994995 /* EssentialFeediOSTests.xctest */,
			);
			name = Products;
			sourceTree = "<group>";
		};
		41A8482E259FC29800581967 /* EssentialFeed */ = {
			isa = PBXGroup;
			children = (
				41903CC029DBAF53009F1A41 /* Feed Cache */,
				4174FBEC25CDAF5E005A5A6C /* Feed API */,
				41A8482F259FC29800581967 /* EssentialFeed.h */,
				41A84830259FC29800581967 /* Info.plist */,
				41A84850259FC48B00581967 /* Feed Feature */,
			);
			path = EssentialFeed;
			sourceTree = "<group>";
		};
		41A84839259FC29900581967 /* EssentialFeedTests */ = {
			isa = PBXGroup;
			children = (
				417BF4E9274DAF5B00331FB0 /* Helper */,
				41FB94DD2783A08E00851B0B /* Feed Cache */,
				41A8483A259FC29900581967 /* EssentialFeedTests.swift */,
				41A8483C259FC29900581967 /* Info.plist */,
				417BF4E6274A4EAE00331FB0 /* Feed API */,
			);
			path = EssentialFeedTests;
			sourceTree = "<group>";
		};
		41A84850259FC48B00581967 /* Feed Feature */ = {
			isa = PBXGroup;
			children = (
				41A84848259FC2D900581967 /* FeedImage.swift */,
				41A8484C259FC3C000581967 /* FeedLoader.swift */,
			);
			path = "Feed Feature";
			sourceTree = "<group>";
		};
		41FB94DD2783A08E00851B0B /* Feed Cache */ = {
			isa = PBXGroup;
			children = (
				41903CCB29DE116E009F1A41 /* Helpers */,
				41FB94DE2783A0E900851B0B /* CacheFeedUseCaseTests.swift */,
				41903CC929DE0F8F009F1A41 /* LoadFeedFromCacheUseCaseTests.swift */,
				41903CCE29E74698009F1A41 /* ValidateFeedCacheUseCaseTests.swift */,
				41148A4B29FEB850002ACC2A /* FeedStoreSpecs */,
				41148A4C29FEFDD4002ACC2A /* CoreDataFeedStoreTests.swift */,
			);
			path = "Feed Cache";
			sourceTree = "<group>";
		};
/* End PBXGroup section */

/* Begin PBXHeadersBuildPhase section */
		412D5E642A0D191B00994995 /* Headers */ = {
			isa = PBXHeadersBuildPhase;
			buildActionMask = 2147483647;
			files = (
			);
			runOnlyForDeploymentPostprocessing = 0;
		};
		41A84827259FC29800581967 /* Headers */ = {
			isa = PBXHeadersBuildPhase;
			buildActionMask = 2147483647;
			files = (
				41A8483D259FC29900581967 /* EssentialFeed.h in Headers */,
			);
			runOnlyForDeploymentPostprocessing = 0;
		};
/* End PBXHeadersBuildPhase section */

/* Begin PBXNativeTarget section */
		4109381C2A02B12A00061AD5 /* EssentialFeedCacheIntegrationTests */ = {
			isa = PBXNativeTarget;
			buildConfigurationList = 410938242A02B12A00061AD5 /* Build configuration list for PBXNativeTarget "EssentialFeedCacheIntegrationTests" */;
			buildPhases = (
				410938192A02B12A00061AD5 /* Sources */,
				4109381A2A02B12A00061AD5 /* Frameworks */,
				4109381B2A02B12A00061AD5 /* Resources */,
			);
			buildRules = (
			);
			dependencies = (
				410938232A02B12A00061AD5 /* PBXTargetDependency */,
			);
			name = EssentialFeedCacheIntegrationTests;
			productName = EssentialFeedCacheIntegrationTests;
			productReference = 4109381D2A02B12A00061AD5 /* EssentialFeedCacheIntegrationTests.xctest */;
			productType = "com.apple.product-type.bundle.unit-test";
		};
		412D5E682A0D191B00994995 /* EssentialFeediOS */ = {
			isa = PBXNativeTarget;
			buildConfigurationList = 412D5E782A0D191D00994995 /* Build configuration list for PBXNativeTarget "EssentialFeediOS" */;
			buildPhases = (
				412D5E642A0D191B00994995 /* Headers */,
				412D5E652A0D191B00994995 /* Sources */,
				412D5E662A0D191B00994995 /* Frameworks */,
				412D5E672A0D191B00994995 /* Resources */,
				412D5E852A1280BB00994995 /* Embed Frameworks */,
			);
			buildRules = (
			);
			dependencies = (
				412D5E842A1280BA00994995 /* PBXTargetDependency */,
			);
			name = EssentialFeediOS;
			productName = EssentialFeediOS;
			productReference = 412D5E692A0D191B00994995 /* EssentialFeediOS.framework */;
			productType = "com.apple.product-type.framework";
		};
		412D5E6F2A0D191C00994995 /* EssentialFeediOSTests */ = {
			isa = PBXNativeTarget;
			buildConfigurationList = 412D5E7B2A0D191D00994995 /* Build configuration list for PBXNativeTarget "EssentialFeediOSTests" */;
			buildPhases = (
				412D5E6C2A0D191C00994995 /* Sources */,
				412D5E6D2A0D191C00994995 /* Frameworks */,
				412D5E6E2A0D191C00994995 /* Resources */,
			);
			buildRules = (
			);
			dependencies = (
				412D5E732A0D191D00994995 /* PBXTargetDependency */,
			);
			name = EssentialFeediOSTests;
			productName = EssentialFeediOSTests;
			productReference = 412D5E702A0D191C00994995 /* EssentialFeediOSTests.xctest */;
			productType = "com.apple.product-type.bundle.unit-test";
		};
		417BF4F1274E7D9000331FB0 /* EssentialFeedAPIEndToEndTests */ = {
			isa = PBXNativeTarget;
			buildConfigurationList = 417BF4FA274E7D9000331FB0 /* Build configuration list for PBXNativeTarget "EssentialFeedAPIEndToEndTests" */;
			buildPhases = (
				417BF4EE274E7D9000331FB0 /* Sources */,
				417BF4EF274E7D9000331FB0 /* Frameworks */,
				417BF4F0274E7D9000331FB0 /* Resources */,
			);
			buildRules = (
			);
			dependencies = (
				417BF4F9274E7D9000331FB0 /* PBXTargetDependency */,
			);
			name = EssentialFeedAPIEndToEndTests;
			productName = EssentialFeedAPIEndToEndTests;
			productReference = 417BF4F2274E7D9000331FB0 /* EssentialFeedAPIEndToEndTests.xctest */;
			productType = "com.apple.product-type.bundle.unit-test";
		};
		41A8482B259FC29800581967 /* EssentialFeed */ = {
			isa = PBXNativeTarget;
			buildConfigurationList = 41A84840259FC29900581967 /* Build configuration list for PBXNativeTarget "EssentialFeed" */;
			buildPhases = (
				41A84827259FC29800581967 /* Headers */,
				41A84828259FC29800581967 /* Sources */,
				41A84829259FC29800581967 /* Frameworks */,
				41A8482A259FC29800581967 /* Resources */,
			);
			buildRules = (
			);
			dependencies = (
			);
			name = EssentialFeed;
			productName = EssentialFeed;
			productReference = 41A8482C259FC29800581967 /* EssentialFeed.framework */;
			productType = "com.apple.product-type.framework";
		};
		41A84834259FC29900581967 /* EssentialFeedTests */ = {
			isa = PBXNativeTarget;
			buildConfigurationList = 41A84843259FC29900581967 /* Build configuration list for PBXNativeTarget "EssentialFeedTests" */;
			buildPhases = (
				41A84831259FC29900581967 /* Sources */,
				41A84832259FC29900581967 /* Frameworks */,
				41A84833259FC29900581967 /* Resources */,
			);
			buildRules = (
			);
			dependencies = (
				41A84838259FC29900581967 /* PBXTargetDependency */,
			);
			name = EssentialFeedTests;
			productName = EssentialFeedTests;
			productReference = 41A84835259FC29900581967 /* EssentialFeedTests.xctest */;
			productType = "com.apple.product-type.bundle.unit-test";
		};
/* End PBXNativeTarget section */

/* Begin PBXProject section */
		41A84823259FC29800581967 /* Project object */ = {
			isa = PBXProject;
			attributes = {
				BuildIndependentTargetsInParallel = YES;
				LastSwiftUpdateCheck = 1420;
				LastUpgradeCheck = 1430;
				TargetAttributes = {
					4109381C2A02B12A00061AD5 = {
						CreatedOnToolsVersion = 14.1;
					};
					412D5E682A0D191B00994995 = {
						CreatedOnToolsVersion = 14.2;
						LastSwiftMigration = 1420;
					};
					412D5E6F2A0D191C00994995 = {
						CreatedOnToolsVersion = 14.2;
						LastSwiftMigration = 1420;
					};
					417BF4F1274E7D9000331FB0 = {
						CreatedOnToolsVersion = 12.5.1;
					};
					41A8482B259FC29800581967 = {
						CreatedOnToolsVersion = 12.2;
						LastSwiftMigration = 1220;
					};
					41A84834259FC29900581967 = {
						CreatedOnToolsVersion = 12.2;
					};
				};
			};
			buildConfigurationList = 41A84826259FC29800581967 /* Build configuration list for PBXProject "EssentialFeed" */;
			compatibilityVersion = "Xcode 9.3";
			developmentRegion = en;
			hasScannedForEncodings = 0;
			knownRegions = (
				en,
				Base,
			);
			mainGroup = 41A84822259FC29800581967;
			productRefGroup = 41A8482D259FC29800581967 /* Products */;
			projectDirPath = "";
			projectRoot = "";
			targets = (
				41A8482B259FC29800581967 /* EssentialFeed */,
				41A84834259FC29900581967 /* EssentialFeedTests */,
				417BF4F1274E7D9000331FB0 /* EssentialFeedAPIEndToEndTests */,
				4109381C2A02B12A00061AD5 /* EssentialFeedCacheIntegrationTests */,
				412D5E682A0D191B00994995 /* EssentialFeediOS */,
				412D5E6F2A0D191C00994995 /* EssentialFeediOSTests */,
			);
		};
/* End PBXProject section */

/* Begin PBXResourcesBuildPhase section */
		4109381B2A02B12A00061AD5 /* Resources */ = {
			isa = PBXResourcesBuildPhase;
			buildActionMask = 2147483647;
			files = (
			);
			runOnlyForDeploymentPostprocessing = 0;
		};
		412D5E672A0D191B00994995 /* Resources */ = {
			isa = PBXResourcesBuildPhase;
			buildActionMask = 2147483647;
			files = (
				41A416622A34B8C100065F8F /* Feed.storyboard in Resources */,
				41A416642A34B93700065F8F /* Feed.xcassets in Resources */,
			);
			runOnlyForDeploymentPostprocessing = 0;
		};
		412D5E6E2A0D191C00994995 /* Resources */ = {
			isa = PBXResourcesBuildPhase;
			buildActionMask = 2147483647;
			files = (
			);
			runOnlyForDeploymentPostprocessing = 0;
		};
		417BF4F0274E7D9000331FB0 /* Resources */ = {
			isa = PBXResourcesBuildPhase;
			buildActionMask = 2147483647;
			files = (
			);
			runOnlyForDeploymentPostprocessing = 0;
		};
		41A8482A259FC29800581967 /* Resources */ = {
			isa = PBXResourcesBuildPhase;
			buildActionMask = 2147483647;
			files = (
			);
			runOnlyForDeploymentPostprocessing = 0;
		};
		41A84833259FC29900581967 /* Resources */ = {
			isa = PBXResourcesBuildPhase;
			buildActionMask = 2147483647;
			files = (
			);
			runOnlyForDeploymentPostprocessing = 0;
		};
/* End PBXResourcesBuildPhase section */

/* Begin PBXSourcesBuildPhase section */
		410938192A02B12A00061AD5 /* Sources */ = {
			isa = PBXSourcesBuildPhase;
			buildActionMask = 2147483647;
			files = (
				412D35EC2A0463A8008CFABE /* SharedTestHelpers.swift in Sources */,
				410938202A02B12A00061AD5 /* EssentialFeedCacheIntegrationTests.swift in Sources */,
				412D35EB2A046384008CFABE /* FeedCacheTestHelpers.swift in Sources */,
				410938272A02BB5B00061AD5 /* XCTestCase+MemoryLeakTracking.swift in Sources */,
			);
			runOnlyForDeploymentPostprocessing = 0;
		};
		412D5E652A0D191B00994995 /* Sources */ = {
			isa = PBXSourcesBuildPhase;
			buildActionMask = 2147483647;
			files = (
				41A4165A2A32640A00065F8F /* FeedPresenter.swift in Sources */,
				415833BA2A27718000DD63BA /* FeedImageDataLoader.swift in Sources */,
				41A416602A34B7FE00065F8F /* FeedViewModel.swift in Sources */,
				41A4165E2A34B7BC00065F8F /* FeedLoadingViewModel.swift in Sources */,
				41AD3B7B2A1F8D240012C5C7 /* UIView+Shimmering.swift in Sources */,
				41A4165C2A33623000065F8F /* FeedImagePresenter.swift in Sources */,
				412D5E882A14C34200994995 /* FeedViewController.swift in Sources */,
				41456E5B2A1B9697003AAC40 /* FeedImageCell.swift in Sources */,
				41A416582A2F946100065F8F /* FeedImageViewModel.swift in Sources */,
				413686602A2BBA26006740C9 /* FeedImageCellController.swift in Sources */,
				413686632A2BBE3C006740C9 /* FeedUIComposer.swift in Sources */,
			);
			runOnlyForDeploymentPostprocessing = 0;
		};
		412D5E6C2A0D191C00994995 /* Sources */ = {
			isa = PBXSourcesBuildPhase;
			buildActionMask = 2147483647;
			files = (
				412D5E7F2A0D5CE800994995 /* FeedViewControllerTests.swift in Sources */,
				4136865E2A2787FB006740C9 /* FeedViewControllerTests+Assertions.swift in Sources */,
				4136865A2A2786C4006740C9 /* FeedImageCell+TestHelpers.swift .swift in Sources */,
				413686542A2783B4006740C9 /* UIButton+TestHelpers.swift in Sources */,
				412D5E862A14B60900994995 /* XCTestCase+MemoryLeakTracking.swift in Sources */,
				413686562A278453006740C9 /* UIControl+TestHelpers.swift in Sources */,
				413686582A2784F1006740C9 /* FeedViewController+TestHelpers.swift in Sources */,
				4136865C2A278731006740C9 /* FeedViewControllerTests+LoaderSpy.swift .swift in Sources */,
				413686502A27821A006740C9 /* UIImage+TestHelpers.swift in Sources */,
				413686522A278320006740C9 /* UIRefreshControl+TestHelpers.swift .swift in Sources */,
			);
			runOnlyForDeploymentPostprocessing = 0;
		};
		417BF4EE274E7D9000331FB0 /* Sources */ = {
			isa = PBXSourcesBuildPhase;
			buildActionMask = 2147483647;
			files = (
				417BF4F5274E7D9000331FB0 /* EssentialFeedAPIEndToEndTests.swift in Sources */,
				417BF4FD274E895A00331FB0 /* XCTestCase+MemoryLeakTracking.swift in Sources */,
			);
			runOnlyForDeploymentPostprocessing = 0;
		};
		41A84828259FC29800581967 /* Sources */ = {
			isa = PBXSourcesBuildPhase;
			buildActionMask = 2147483647;
			files = (
				4109381429FFBCFB00061AD5 /* CoreDataHelpers.swift in Sources */,
				417BF4E5274A43BE00331FB0 /* FeedItemsMapper.swift in Sources */,
				41A8484D259FC3C000581967 /* FeedLoader.swift in Sources */,
				41903CC629DCC71C009F1A41 /* RemoteFeedItem.swift in Sources */,
				413B5C9129EDFAED0052D9DD /* FeedCachePolicy.swift in Sources */,
				4174FBEE25CDAF9F005A5A6C /* RemoteFeedLoader.swift in Sources */,
				41148A5229FF0C86002ACC2A /* FeedStore.xcdatamodeld in Sources */,
				41903CC829DCC7C6009F1A41 /* LocalFeedImage.swift in Sources */,
				41903CC429DBB038009F1A41 /* FeedStore.swift in Sources */,
				41903CC229DBAF85009F1A41 /* LocalFeedLoader.swift in Sources */,
				417BF4E3274A431500331FB0 /* HTTPClient.swift in Sources */,
				41A84849259FC2D900581967 /* FeedImage.swift in Sources */,
				417BF4ED274E6AEB00331FB0 /* URLSessionHTTPClient.swift in Sources */,
				4109381629FFBDFF00061AD5 /* ManagedCache.swift in Sources */,
				41148A4F29FEFF04002ACC2A /* CoreDataFeedStore.swift in Sources */,
				4109381829FFBE2100061AD5 /* ManagedFeedImage.swift in Sources */,
			);
			runOnlyForDeploymentPostprocessing = 0;
		};
		41A84831259FC29900581967 /* Sources */ = {
			isa = PBXSourcesBuildPhase;
			buildActionMask = 2147483647;
			files = (
				41148A4429FEAF89002ACC2A /* XCTestCase+FeedStoreSpecs.swift in Sources */,
				417B359625A0C04000DD61FF /* LoadFeedFromRemoteUseCaseTests.swift in Sources */,
				41148A4D29FEFDD4002ACC2A /* CoreDataFeedStoreTests.swift in Sources */,
				41148A4629FEB573002ACC2A /* XCTestCase+FailableRetrieveFeedStoreSpecs.swift in Sources */,
				417BF4EB274DAF9000331FB0 /* XCTestCase+MemoryLeakTracking.swift in Sources */,
				41903CD329E74F1B009F1A41 /* SharedTestHelpers.swift in Sources */,
				417BF4E8274CDC6800331FB0 /* URLSessionHTTPClientTests.swift in Sources */,
				41FB94DF2783A0E900851B0B /* CacheFeedUseCaseTests.swift in Sources */,
				41903CD129E74E0D009F1A41 /* FeedCacheTestHelpers.swift in Sources */,
				41903CCF29E74698009F1A41 /* ValidateFeedCacheUseCaseTests.swift in Sources */,
				41903CCD29DE118A009F1A41 /* FeedStoreSpy.swift in Sources */,
				41903CCA29DE0F8F009F1A41 /* LoadFeedFromCacheUseCaseTests.swift in Sources */,
				41148A4A29FEB784002ACC2A /* XCTestCase+FailableDeleteFeedStoreSpecs.swift in Sources */,
				41148A4229FEAE48002ACC2A /* FeedStoreSpecs.swift in Sources */,
				41A8483B259FC29900581967 /* EssentialFeedTests.swift in Sources */,
				41148A4829FEB6D0002ACC2A /* XCTestCase+FailableInsertFeedStoreSpecs.swift in Sources */,
			);
			runOnlyForDeploymentPostprocessing = 0;
		};
/* End PBXSourcesBuildPhase section */

/* Begin PBXTargetDependency section */
		410938232A02B12A00061AD5 /* PBXTargetDependency */ = {
			isa = PBXTargetDependency;
			target = 41A8482B259FC29800581967 /* EssentialFeed */;
			targetProxy = 410938222A02B12A00061AD5 /* PBXContainerItemProxy */;
		};
		412D5E732A0D191D00994995 /* PBXTargetDependency */ = {
			isa = PBXTargetDependency;
			target = 412D5E682A0D191B00994995 /* EssentialFeediOS */;
			targetProxy = 412D5E722A0D191D00994995 /* PBXContainerItemProxy */;
		};
		412D5E842A1280BA00994995 /* PBXTargetDependency */ = {
			isa = PBXTargetDependency;
			platformFilter = ios;
			target = 41A8482B259FC29800581967 /* EssentialFeed */;
			targetProxy = 412D5E832A1280BA00994995 /* PBXContainerItemProxy */;
		};
		417BF4F9274E7D9000331FB0 /* PBXTargetDependency */ = {
			isa = PBXTargetDependency;
			target = 41A8482B259FC29800581967 /* EssentialFeed */;
			targetProxy = 417BF4F8274E7D9000331FB0 /* PBXContainerItemProxy */;
		};
		41A84838259FC29900581967 /* PBXTargetDependency */ = {
			isa = PBXTargetDependency;
			target = 41A8482B259FC29800581967 /* EssentialFeed */;
			targetProxy = 41A84837259FC29900581967 /* PBXContainerItemProxy */;
		};
/* End PBXTargetDependency section */

/* Begin XCBuildConfiguration section */
		410938252A02B12A00061AD5 /* Debug */ = {
			isa = XCBuildConfiguration;
			buildSettings = {
				CLANG_CXX_LANGUAGE_STANDARD = "gnu++20";
				CODE_SIGN_STYLE = Automatic;
				CURRENT_PROJECT_VERSION = 1;
				DEAD_CODE_STRIPPING = YES;
				DEVELOPMENT_TEAM = USYCM7BRK3;
				GENERATE_INFOPLIST_FILE = YES;
				MACOSX_DEPLOYMENT_TARGET = 11.0;
				MARKETING_VERSION = 1.0;
				PRODUCT_BUNDLE_IDENTIFIER = com.mag.EssentialFeedCacheIntegrationTests;
				PRODUCT_NAME = "$(TARGET_NAME)";
				SUPPORTED_PLATFORMS = "macosx iphoneos iphonesimulator";
				SWIFT_EMIT_LOC_STRINGS = NO;
				SWIFT_VERSION = 5.0;
			};
			name = Debug;
		};
		410938262A02B12A00061AD5 /* Release */ = {
			isa = XCBuildConfiguration;
			buildSettings = {
				CLANG_CXX_LANGUAGE_STANDARD = "gnu++20";
				CODE_SIGN_STYLE = Automatic;
				CURRENT_PROJECT_VERSION = 1;
				DEAD_CODE_STRIPPING = YES;
				DEVELOPMENT_TEAM = USYCM7BRK3;
				GENERATE_INFOPLIST_FILE = YES;
				MACOSX_DEPLOYMENT_TARGET = 11.0;
				MARKETING_VERSION = 1.0;
				PRODUCT_BUNDLE_IDENTIFIER = com.mag.EssentialFeedCacheIntegrationTests;
				PRODUCT_NAME = "$(TARGET_NAME)";
				SUPPORTED_PLATFORMS = "macosx iphoneos iphonesimulator";
				SWIFT_EMIT_LOC_STRINGS = NO;
				SWIFT_VERSION = 5.0;
			};
			name = Release;
		};
		412D5E792A0D191D00994995 /* Debug */ = {
			isa = XCBuildConfiguration;
			buildSettings = {
				CLANG_CXX_LANGUAGE_STANDARD = "gnu++20";
				CLANG_ENABLE_MODULES = YES;
				CODE_SIGN_IDENTITY = "";
				CODE_SIGN_STYLE = Automatic;
				CURRENT_PROJECT_VERSION = 1;
				DEFINES_MODULE = YES;
				DEVELOPMENT_TEAM = USYCM7BRK3;
				DYLIB_COMPATIBILITY_VERSION = 1;
				DYLIB_CURRENT_VERSION = 1;
				DYLIB_INSTALL_NAME_BASE = "@rpath";
				ENABLE_MODULE_VERIFIER = YES;
				GENERATE_INFOPLIST_FILE = YES;
				INFOPLIST_KEY_NSHumanReadableCopyright = "";
				INSTALL_PATH = "$(LOCAL_LIBRARY_DIR)/Frameworks";
				IPHONEOS_DEPLOYMENT_TARGET = 16.4;
				LD_RUNPATH_SEARCH_PATHS = (
					"$(inherited)",
					"@executable_path/Frameworks",
					"@loader_path/Frameworks",
				);
				MARKETING_VERSION = 1.0;
				MODULE_VERIFIER_SUPPORTED_LANGUAGES = "objective-c objective-c++";
				MODULE_VERIFIER_SUPPORTED_LANGUAGE_STANDARDS = "gnu11 gnu++20";
				PRODUCT_BUNDLE_IDENTIFIER = com.mag.EssentialFeediOS;
				PRODUCT_NAME = "$(TARGET_NAME:c99extidentifier)";
				SDKROOT = iphoneos;
				SKIP_INSTALL = YES;
				SWIFT_EMIT_LOC_STRINGS = YES;
				SWIFT_OPTIMIZATION_LEVEL = "-Onone";
				SWIFT_VERSION = 5.0;
				TARGETED_DEVICE_FAMILY = "1,2";
			};
			name = Debug;
		};
		412D5E7A2A0D191D00994995 /* Release */ = {
			isa = XCBuildConfiguration;
			buildSettings = {
				CLANG_CXX_LANGUAGE_STANDARD = "gnu++20";
				CLANG_ENABLE_MODULES = YES;
				CODE_SIGN_IDENTITY = "";
				CODE_SIGN_STYLE = Automatic;
				CURRENT_PROJECT_VERSION = 1;
				DEFINES_MODULE = YES;
				DEVELOPMENT_TEAM = USYCM7BRK3;
				DYLIB_COMPATIBILITY_VERSION = 1;
				DYLIB_CURRENT_VERSION = 1;
				DYLIB_INSTALL_NAME_BASE = "@rpath";
				ENABLE_MODULE_VERIFIER = YES;
				GENERATE_INFOPLIST_FILE = YES;
				INFOPLIST_KEY_NSHumanReadableCopyright = "";
				INSTALL_PATH = "$(LOCAL_LIBRARY_DIR)/Frameworks";
				IPHONEOS_DEPLOYMENT_TARGET = 16.4;
				LD_RUNPATH_SEARCH_PATHS = (
					"$(inherited)",
					"@executable_path/Frameworks",
					"@loader_path/Frameworks",
				);
				MARKETING_VERSION = 1.0;
				MODULE_VERIFIER_SUPPORTED_LANGUAGES = "objective-c objective-c++";
				MODULE_VERIFIER_SUPPORTED_LANGUAGE_STANDARDS = "gnu11 gnu++20";
				PRODUCT_BUNDLE_IDENTIFIER = com.mag.EssentialFeediOS;
				PRODUCT_NAME = "$(TARGET_NAME:c99extidentifier)";
				SDKROOT = iphoneos;
				SKIP_INSTALL = YES;
				SWIFT_EMIT_LOC_STRINGS = YES;
				SWIFT_VERSION = 5.0;
				TARGETED_DEVICE_FAMILY = "1,2";
				VALIDATE_PRODUCT = YES;
			};
			name = Release;
		};
		412D5E7C2A0D191D00994995 /* Debug */ = {
			isa = XCBuildConfiguration;
			buildSettings = {
				ALWAYS_EMBED_SWIFT_STANDARD_LIBRARIES = YES;
				CLANG_CXX_LANGUAGE_STANDARD = "gnu++20";
				CLANG_ENABLE_MODULES = YES;
				CODE_SIGN_STYLE = Automatic;
				CURRENT_PROJECT_VERSION = 1;
				DEVELOPMENT_TEAM = USYCM7BRK3;
				GENERATE_INFOPLIST_FILE = YES;
				IPHONEOS_DEPLOYMENT_TARGET = 16.4;
				LD_RUNPATH_SEARCH_PATHS = (
					"$(inherited)",
					"@executable_path/Frameworks",
					"@loader_path/Frameworks",
				);
				MARKETING_VERSION = 1.0;
				PRODUCT_BUNDLE_IDENTIFIER = com.mag.EssentialFeediOSTests;
				PRODUCT_NAME = "$(TARGET_NAME)";
				SDKROOT = iphoneos;
				SWIFT_EMIT_LOC_STRINGS = NO;
				SWIFT_OPTIMIZATION_LEVEL = "-Onone";
				SWIFT_VERSION = 5.0;
				TARGETED_DEVICE_FAMILY = "1,2";
			};
			name = Debug;
		};
		412D5E7D2A0D191D00994995 /* Release */ = {
			isa = XCBuildConfiguration;
			buildSettings = {
				ALWAYS_EMBED_SWIFT_STANDARD_LIBRARIES = YES;
				CLANG_CXX_LANGUAGE_STANDARD = "gnu++20";
				CLANG_ENABLE_MODULES = YES;
				CODE_SIGN_STYLE = Automatic;
				CURRENT_PROJECT_VERSION = 1;
				DEVELOPMENT_TEAM = USYCM7BRK3;
				GENERATE_INFOPLIST_FILE = YES;
				IPHONEOS_DEPLOYMENT_TARGET = 16.4;
				LD_RUNPATH_SEARCH_PATHS = (
					"$(inherited)",
					"@executable_path/Frameworks",
					"@loader_path/Frameworks",
				);
				MARKETING_VERSION = 1.0;
				PRODUCT_BUNDLE_IDENTIFIER = com.mag.EssentialFeediOSTests;
				PRODUCT_NAME = "$(TARGET_NAME)";
				SDKROOT = iphoneos;
				SWIFT_EMIT_LOC_STRINGS = NO;
				SWIFT_VERSION = 5.0;
				TARGETED_DEVICE_FAMILY = "1,2";
				VALIDATE_PRODUCT = YES;
			};
			name = Release;
		};
		417BF4FB274E7D9000331FB0 /* Debug */ = {
			isa = XCBuildConfiguration;
			buildSettings = {
				CODE_SIGN_STYLE = Automatic;
				COMBINE_HIDPI_IMAGES = YES;
				DEAD_CODE_STRIPPING = YES;
				DEVELOPMENT_TEAM = USYCM7BRK3;
				INFOPLIST_FILE = EssentialFeedAPIEndToEndTests/Info.plist;
				LD_RUNPATH_SEARCH_PATHS = (
					"$(inherited)",
					"@executable_path/../Frameworks",
					"@loader_path/../Frameworks",
				);
				MACOSX_DEPLOYMENT_TARGET = 11.0;
				PRODUCT_BUNDLE_IDENTIFIER = com.mag.EssentialFeedAPIEndToEndTests;
				PRODUCT_NAME = "$(TARGET_NAME)";
				SUPPORTED_PLATFORMS = "macosx iphonesimulator iphoneos";
				SWIFT_VERSION = 5.0;
			};
			name = Debug;
		};
		417BF4FC274E7D9000331FB0 /* Release */ = {
			isa = XCBuildConfiguration;
			buildSettings = {
				CODE_SIGN_STYLE = Automatic;
				COMBINE_HIDPI_IMAGES = YES;
				DEAD_CODE_STRIPPING = YES;
				DEVELOPMENT_TEAM = USYCM7BRK3;
				INFOPLIST_FILE = EssentialFeedAPIEndToEndTests/Info.plist;
				LD_RUNPATH_SEARCH_PATHS = (
					"$(inherited)",
					"@executable_path/../Frameworks",
					"@loader_path/../Frameworks",
				);
				MACOSX_DEPLOYMENT_TARGET = 11.0;
				PRODUCT_BUNDLE_IDENTIFIER = com.mag.EssentialFeedAPIEndToEndTests;
				PRODUCT_NAME = "$(TARGET_NAME)";
				SUPPORTED_PLATFORMS = "macosx iphonesimulator iphoneos";
				SWIFT_VERSION = 5.0;
			};
			name = Release;
		};
		41A8483E259FC29900581967 /* Debug */ = {
			isa = XCBuildConfiguration;
			buildSettings = {
				ALWAYS_SEARCH_USER_PATHS = NO;
				CLANG_ANALYZER_NONNULL = YES;
				CLANG_ANALYZER_NUMBER_OBJECT_CONVERSION = YES_AGGRESSIVE;
				CLANG_CXX_LANGUAGE_STANDARD = "gnu++14";
				CLANG_CXX_LIBRARY = "libc++";
				CLANG_ENABLE_MODULES = YES;
				CLANG_ENABLE_OBJC_ARC = YES;
				CLANG_ENABLE_OBJC_WEAK = YES;
				CLANG_WARN_BLOCK_CAPTURE_AUTORELEASING = YES;
				CLANG_WARN_BOOL_CONVERSION = YES;
				CLANG_WARN_COMMA = YES;
				CLANG_WARN_CONSTANT_CONVERSION = YES;
				CLANG_WARN_DEPRECATED_OBJC_IMPLEMENTATIONS = YES;
				CLANG_WARN_DIRECT_OBJC_ISA_USAGE = YES_ERROR;
				CLANG_WARN_DOCUMENTATION_COMMENTS = YES;
				CLANG_WARN_EMPTY_BODY = YES;
				CLANG_WARN_ENUM_CONVERSION = YES;
				CLANG_WARN_INFINITE_RECURSION = YES;
				CLANG_WARN_INT_CONVERSION = YES;
				CLANG_WARN_NON_LITERAL_NULL_CONVERSION = YES;
				CLANG_WARN_OBJC_IMPLICIT_RETAIN_SELF = YES;
				CLANG_WARN_OBJC_LITERAL_CONVERSION = YES;
				CLANG_WARN_OBJC_ROOT_CLASS = YES_ERROR;
				CLANG_WARN_QUOTED_INCLUDE_IN_FRAMEWORK_HEADER = YES;
				CLANG_WARN_RANGE_LOOP_ANALYSIS = YES;
				CLANG_WARN_STRICT_PROTOTYPES = YES;
				CLANG_WARN_SUSPICIOUS_MOVE = YES;
				CLANG_WARN_UNGUARDED_AVAILABILITY = YES_AGGRESSIVE;
				CLANG_WARN_UNREACHABLE_CODE = YES;
				CLANG_WARN__DUPLICATE_METHOD_MATCH = YES;
				COPY_PHASE_STRIP = NO;
				CURRENT_PROJECT_VERSION = 1;
				DEAD_CODE_STRIPPING = YES;
				DEBUG_INFORMATION_FORMAT = dwarf;
				ENABLE_STRICT_OBJC_MSGSEND = YES;
				ENABLE_TESTABILITY = YES;
				GCC_C_LANGUAGE_STANDARD = gnu11;
				GCC_DYNAMIC_NO_PIC = NO;
				GCC_NO_COMMON_BLOCKS = YES;
				GCC_OPTIMIZATION_LEVEL = 0;
				GCC_PREPROCESSOR_DEFINITIONS = (
					"DEBUG=1",
					"$(inherited)",
				);
				GCC_WARN_64_TO_32_BIT_CONVERSION = YES;
				GCC_WARN_ABOUT_RETURN_TYPE = YES_ERROR;
				GCC_WARN_UNDECLARED_SELECTOR = YES;
				GCC_WARN_UNINITIALIZED_AUTOS = YES_AGGRESSIVE;
				GCC_WARN_UNUSED_FUNCTION = YES;
				GCC_WARN_UNUSED_VARIABLE = YES;
				MACOSX_DEPLOYMENT_TARGET = 11.0;
				MTL_ENABLE_DEBUG_INFO = INCLUDE_SOURCE;
				MTL_FAST_MATH = YES;
				ONLY_ACTIVE_ARCH = YES;
				SDKROOT = macosx;
				SWIFT_ACTIVE_COMPILATION_CONDITIONS = DEBUG;
				SWIFT_OPTIMIZATION_LEVEL = "-Onone";
				VERSIONING_SYSTEM = "apple-generic";
				VERSION_INFO_PREFIX = "";
			};
			name = Debug;
		};
		41A8483F259FC29900581967 /* Release */ = {
			isa = XCBuildConfiguration;
			buildSettings = {
				ALWAYS_SEARCH_USER_PATHS = NO;
				CLANG_ANALYZER_NONNULL = YES;
				CLANG_ANALYZER_NUMBER_OBJECT_CONVERSION = YES_AGGRESSIVE;
				CLANG_CXX_LANGUAGE_STANDARD = "gnu++14";
				CLANG_CXX_LIBRARY = "libc++";
				CLANG_ENABLE_MODULES = YES;
				CLANG_ENABLE_OBJC_ARC = YES;
				CLANG_ENABLE_OBJC_WEAK = YES;
				CLANG_WARN_BLOCK_CAPTURE_AUTORELEASING = YES;
				CLANG_WARN_BOOL_CONVERSION = YES;
				CLANG_WARN_COMMA = YES;
				CLANG_WARN_CONSTANT_CONVERSION = YES;
				CLANG_WARN_DEPRECATED_OBJC_IMPLEMENTATIONS = YES;
				CLANG_WARN_DIRECT_OBJC_ISA_USAGE = YES_ERROR;
				CLANG_WARN_DOCUMENTATION_COMMENTS = YES;
				CLANG_WARN_EMPTY_BODY = YES;
				CLANG_WARN_ENUM_CONVERSION = YES;
				CLANG_WARN_INFINITE_RECURSION = YES;
				CLANG_WARN_INT_CONVERSION = YES;
				CLANG_WARN_NON_LITERAL_NULL_CONVERSION = YES;
				CLANG_WARN_OBJC_IMPLICIT_RETAIN_SELF = YES;
				CLANG_WARN_OBJC_LITERAL_CONVERSION = YES;
				CLANG_WARN_OBJC_ROOT_CLASS = YES_ERROR;
				CLANG_WARN_QUOTED_INCLUDE_IN_FRAMEWORK_HEADER = YES;
				CLANG_WARN_RANGE_LOOP_ANALYSIS = YES;
				CLANG_WARN_STRICT_PROTOTYPES = YES;
				CLANG_WARN_SUSPICIOUS_MOVE = YES;
				CLANG_WARN_UNGUARDED_AVAILABILITY = YES_AGGRESSIVE;
				CLANG_WARN_UNREACHABLE_CODE = YES;
				CLANG_WARN__DUPLICATE_METHOD_MATCH = YES;
				COPY_PHASE_STRIP = NO;
				CURRENT_PROJECT_VERSION = 1;
				DEAD_CODE_STRIPPING = YES;
				DEBUG_INFORMATION_FORMAT = "dwarf-with-dsym";
				ENABLE_NS_ASSERTIONS = NO;
				ENABLE_STRICT_OBJC_MSGSEND = YES;
				GCC_C_LANGUAGE_STANDARD = gnu11;
				GCC_NO_COMMON_BLOCKS = YES;
				GCC_WARN_64_TO_32_BIT_CONVERSION = YES;
				GCC_WARN_ABOUT_RETURN_TYPE = YES_ERROR;
				GCC_WARN_UNDECLARED_SELECTOR = YES;
				GCC_WARN_UNINITIALIZED_AUTOS = YES_AGGRESSIVE;
				GCC_WARN_UNUSED_FUNCTION = YES;
				GCC_WARN_UNUSED_VARIABLE = YES;
				MACOSX_DEPLOYMENT_TARGET = 11.0;
				MTL_ENABLE_DEBUG_INFO = NO;
				MTL_FAST_MATH = YES;
				SDKROOT = macosx;
				SWIFT_COMPILATION_MODE = wholemodule;
				SWIFT_OPTIMIZATION_LEVEL = "-O";
				VERSIONING_SYSTEM = "apple-generic";
				VERSION_INFO_PREFIX = "";
			};
			name = Release;
		};
		41A84841259FC29900581967 /* Debug */ = {
			isa = XCBuildConfiguration;
			buildSettings = {
				CLANG_ENABLE_MODULES = YES;
				CODE_SIGN_IDENTITY = "";
				CODE_SIGN_STYLE = Automatic;
				COMBINE_HIDPI_IMAGES = YES;
				DEAD_CODE_STRIPPING = YES;
				DEFINES_MODULE = YES;
				DEVELOPMENT_TEAM = USYCM7BRK3;
				DYLIB_COMPATIBILITY_VERSION = 1;
				DYLIB_CURRENT_VERSION = 1;
				DYLIB_INSTALL_NAME_BASE = "@rpath";
				ENABLE_MODULE_VERIFIER = YES;
				INFOPLIST_FILE = EssentialFeed/Info.plist;
				INSTALL_PATH = "$(LOCAL_LIBRARY_DIR)/Frameworks";
				LD_RUNPATH_SEARCH_PATHS = (
					"$(inherited)",
					"@executable_path/../Frameworks",
					"@loader_path/Frameworks",
				);
				MODULE_VERIFIER_SUPPORTED_LANGUAGES = "objective-c objective-c++";
				MODULE_VERIFIER_SUPPORTED_LANGUAGE_STANDARDS = "gnu11 gnu++14";
				PRODUCT_BUNDLE_IDENTIFIER = com.mag.EssentialFeed;
				PRODUCT_NAME = "$(TARGET_NAME:c99extidentifier)";
				SKIP_INSTALL = YES;
				SUPPORTED_PLATFORMS = "macosx iphonesimulator iphoneos";
				SWIFT_OPTIMIZATION_LEVEL = "-Onone";
				SWIFT_VERSION = 5.0;
			};
			name = Debug;
		};
		41A84842259FC29900581967 /* Release */ = {
			isa = XCBuildConfiguration;
			buildSettings = {
				CLANG_ENABLE_MODULES = YES;
				CODE_SIGN_IDENTITY = "";
				CODE_SIGN_STYLE = Automatic;
				COMBINE_HIDPI_IMAGES = YES;
				DEAD_CODE_STRIPPING = YES;
				DEFINES_MODULE = YES;
				DEVELOPMENT_TEAM = USYCM7BRK3;
				DYLIB_COMPATIBILITY_VERSION = 1;
				DYLIB_CURRENT_VERSION = 1;
				DYLIB_INSTALL_NAME_BASE = "@rpath";
				ENABLE_MODULE_VERIFIER = YES;
				INFOPLIST_FILE = EssentialFeed/Info.plist;
				INSTALL_PATH = "$(LOCAL_LIBRARY_DIR)/Frameworks";
				LD_RUNPATH_SEARCH_PATHS = (
					"$(inherited)",
					"@executable_path/../Frameworks",
					"@loader_path/Frameworks",
				);
				MODULE_VERIFIER_SUPPORTED_LANGUAGES = "objective-c objective-c++";
				MODULE_VERIFIER_SUPPORTED_LANGUAGE_STANDARDS = "gnu11 gnu++14";
				PRODUCT_BUNDLE_IDENTIFIER = com.mag.EssentialFeed;
				PRODUCT_NAME = "$(TARGET_NAME:c99extidentifier)";
				SKIP_INSTALL = YES;
				SUPPORTED_PLATFORMS = "macosx iphonesimulator iphoneos";
				SWIFT_VERSION = 5.0;
			};
			name = Release;
		};
		41A84844259FC29900581967 /* Debug */ = {
			isa = XCBuildConfiguration;
			buildSettings = {
				ALWAYS_EMBED_SWIFT_STANDARD_LIBRARIES = YES;
				CODE_SIGN_STYLE = Automatic;
				COMBINE_HIDPI_IMAGES = YES;
				DEAD_CODE_STRIPPING = YES;
				DEVELOPMENT_TEAM = "";
				INFOPLIST_FILE = EssentialFeedTests/Info.plist;
				LD_RUNPATH_SEARCH_PATHS = (
					"$(inherited)",
					"@executable_path/../Frameworks",
					"@loader_path/../Frameworks",
				);
				PRODUCT_BUNDLE_IDENTIFIER = com.mag.EssentialFeedTests;
				PRODUCT_NAME = "$(TARGET_NAME)";
				SUPPORTED_PLATFORMS = "macosx iphoneos iphonesimulator";
				SWIFT_VERSION = 5.0;
			};
			name = Debug;
		};
		41A84845259FC29900581967 /* Release */ = {
			isa = XCBuildConfiguration;
			buildSettings = {
				ALWAYS_EMBED_SWIFT_STANDARD_LIBRARIES = YES;
				CODE_SIGN_STYLE = Automatic;
				COMBINE_HIDPI_IMAGES = YES;
				DEAD_CODE_STRIPPING = YES;
				DEVELOPMENT_TEAM = "";
				INFOPLIST_FILE = EssentialFeedTests/Info.plist;
				LD_RUNPATH_SEARCH_PATHS = (
					"$(inherited)",
					"@executable_path/../Frameworks",
					"@loader_path/../Frameworks",
				);
				PRODUCT_BUNDLE_IDENTIFIER = com.mag.EssentialFeedTests;
				PRODUCT_NAME = "$(TARGET_NAME)";
				SUPPORTED_PLATFORMS = "macosx iphoneos iphonesimulator";
				SWIFT_VERSION = 5.0;
			};
			name = Release;
		};
/* End XCBuildConfiguration section */

/* Begin XCConfigurationList section */
		410938242A02B12A00061AD5 /* Build configuration list for PBXNativeTarget "EssentialFeedCacheIntegrationTests" */ = {
			isa = XCConfigurationList;
			buildConfigurations = (
				410938252A02B12A00061AD5 /* Debug */,
				410938262A02B12A00061AD5 /* Release */,
			);
			defaultConfigurationIsVisible = 0;
			defaultConfigurationName = Release;
		};
		412D5E782A0D191D00994995 /* Build configuration list for PBXNativeTarget "EssentialFeediOS" */ = {
			isa = XCConfigurationList;
			buildConfigurations = (
				412D5E792A0D191D00994995 /* Debug */,
				412D5E7A2A0D191D00994995 /* Release */,
			);
			defaultConfigurationIsVisible = 0;
			defaultConfigurationName = Release;
		};
		412D5E7B2A0D191D00994995 /* Build configuration list for PBXNativeTarget "EssentialFeediOSTests" */ = {
			isa = XCConfigurationList;
			buildConfigurations = (
				412D5E7C2A0D191D00994995 /* Debug */,
				412D5E7D2A0D191D00994995 /* Release */,
			);
			defaultConfigurationIsVisible = 0;
			defaultConfigurationName = Release;
		};
		417BF4FA274E7D9000331FB0 /* Build configuration list for PBXNativeTarget "EssentialFeedAPIEndToEndTests" */ = {
			isa = XCConfigurationList;
			buildConfigurations = (
				417BF4FB274E7D9000331FB0 /* Debug */,
				417BF4FC274E7D9000331FB0 /* Release */,
			);
			defaultConfigurationIsVisible = 0;
			defaultConfigurationName = Release;
		};
		41A84826259FC29800581967 /* Build configuration list for PBXProject "EssentialFeed" */ = {
			isa = XCConfigurationList;
			buildConfigurations = (
				41A8483E259FC29900581967 /* Debug */,
				41A8483F259FC29900581967 /* Release */,
			);
			defaultConfigurationIsVisible = 0;
			defaultConfigurationName = Release;
		};
		41A84840259FC29900581967 /* Build configuration list for PBXNativeTarget "EssentialFeed" */ = {
			isa = XCConfigurationList;
			buildConfigurations = (
				41A84841259FC29900581967 /* Debug */,
				41A84842259FC29900581967 /* Release */,
			);
			defaultConfigurationIsVisible = 0;
			defaultConfigurationName = Release;
		};
		41A84843259FC29900581967 /* Build configuration list for PBXNativeTarget "EssentialFeedTests" */ = {
			isa = XCConfigurationList;
			buildConfigurations = (
				41A84844259FC29900581967 /* Debug */,
				41A84845259FC29900581967 /* Release */,
			);
			defaultConfigurationIsVisible = 0;
			defaultConfigurationName = Release;
		};
/* End XCConfigurationList section */

/* Begin XCVersionGroup section */
		41148A5029FF0C86002ACC2A /* FeedStore.xcdatamodeld */ = {
			isa = XCVersionGroup;
			children = (
				41148A5129FF0C86002ACC2A /* FeedStore.xcdatamodel */,
			);
			currentVersion = 41148A5129FF0C86002ACC2A /* FeedStore.xcdatamodel */;
			path = FeedStore.xcdatamodeld;
			sourceTree = "<group>";
			versionGroupType = wrapper.xcdatamodel;
		};
/* End XCVersionGroup section */
	};
	rootObject = 41A84823259FC29800581967 /* Project object */;
}
